// !$*UTF8*$!
{
	archiveVersion = 1;
	classes = {
	};
	objectVersion = 56;
	objects = {

/* Begin PBXBuildFile section */
		0F0BFF002BBD7C0A007CCF2D /* SubscriptionManager.swift in Sources */ = {isa = PBXBuildFile; fileRef = 0F0BFEFF2BBD7C0A007CCF2D /* SubscriptionManager.swift */; };
		0F0BFF022BBD7C44007CCF2D /* SubscriptionManagerProtocol.swift in Sources */ = {isa = PBXBuildFile; fileRef = 0F0BFF012BBD7C44007CCF2D /* SubscriptionManagerProtocol.swift */; };
		0F0BFF052BBD7D8F007CCF2D /* StoreKit.framework in Frameworks */ = {isa = PBXBuildFile; fileRef = 0F0BFF042BBD7D8F007CCF2D /* StoreKit.framework */; };
		0F0BFF072BBD7DB2007CCF2D /* IAPProduct.swift in Sources */ = {isa = PBXBuildFile; fileRef = 0F0BFF062BBD7DB2007CCF2D /* IAPProduct.swift */; };
		0F0BFF092BBD7DD7007CCF2D /* IAPHelper.swift in Sources */ = {isa = PBXBuildFile; fileRef = 0F0BFF082BBD7DD6007CCF2D /* IAPHelper.swift */; };
		0F0BFF0B2BBD7E4F007CCF2D /* Subscription.swift in Sources */ = {isa = PBXBuildFile; fileRef = 0F0BFF0A2BBD7E4F007CCF2D /* Subscription.swift */; };
		0F0BFF0F2BBD80BB007CCF2D /* SubscriptionProposalView.swift in Sources */ = {isa = PBXBuildFile; fileRef = 0F0BFF0E2BBD80BB007CCF2D /* SubscriptionProposalView.swift */; };
		0F0BFF122BBD8C4E007CCF2D /* SubscriptionProposalRouter.swift in Sources */ = {isa = PBXBuildFile; fileRef = 0F0BFF112BBD8C4E007CCF2D /* SubscriptionProposalRouter.swift */; };
		0F0BFF142BBD906B007CCF2D /* SubscriptionApplicationStateProtocol.swift in Sources */ = {isa = PBXBuildFile; fileRef = 0F0BFF132BBD906B007CCF2D /* SubscriptionApplicationStateProtocol.swift */; };
		0F0BFF162BBD9088007CCF2D /* ApplicationState+SubscriptionApplicationStateProtocol.swift in Sources */ = {isa = PBXBuildFile; fileRef = 0F0BFF152BBD9088007CCF2D /* ApplicationState+SubscriptionApplicationStateProtocol.swift */; };
		0F0BFF182BBDAAEE007CCF2D /* PDFDocumentScannerStoreKitConfiguration.storekit in Resources */ = {isa = PBXBuildFile; fileRef = 0F0BFF172BBDAAEE007CCF2D /* PDFDocumentScannerStoreKitConfiguration.storekit */; };
		0F32182E2B4EDA4000840917 /* UIViewExtensions.swift in Sources */ = {isa = PBXBuildFile; fileRef = 0F32182D2B4EDA4000840917 /* UIViewExtensions.swift */; };
		0F3218302B4EE1C700840917 /* VisionDocumentCameraRouter.swift in Sources */ = {isa = PBXBuildFile; fileRef = 0F32182F2B4EE1C700840917 /* VisionDocumentCameraRouter.swift */; };
		0F3218342B4F0DCB00840917 /* VisionDocumentCameraManager.swift in Sources */ = {isa = PBXBuildFile; fileRef = 0F3218332B4F0DCB00840917 /* VisionDocumentCameraManager.swift */; };
		0F3218362B4F0DE600840917 /* DocumentCameraManagerProtocol.swift in Sources */ = {isa = PBXBuildFile; fileRef = 0F3218352B4F0DE600840917 /* DocumentCameraManagerProtocol.swift */; };
		0F3218382B4F0E3C00840917 /* DocumentCameraManager+VNDocumentCameraViewControllerDelegate.swift in Sources */ = {isa = PBXBuildFile; fileRef = 0F3218372B4F0E3C00840917 /* DocumentCameraManager+VNDocumentCameraViewControllerDelegate.swift */; };
		0F32183A2B4F0E8800840917 /* DocumentPickerManager+UIDocumentPickerDelegate.swift in Sources */ = {isa = PBXBuildFile; fileRef = 0F3218392B4F0E8800840917 /* DocumentPickerManager+UIDocumentPickerDelegate.swift */; };
		0F32183C2B4F11F800840917 /* DynamicUINotifierProtocol.swift in Sources */ = {isa = PBXBuildFile; fileRef = 0F32183B2B4F11F800840917 /* DynamicUINotifierProtocol.swift */; };
		0F32183E2B4F208200840917 /* ScanningViewController+DynamicUIProtocol.swift in Sources */ = {isa = PBXBuildFile; fileRef = 0F32183D2B4F208200840917 /* ScanningViewController+DynamicUIProtocol.swift */; };
		0F3218402B52B0CF00840917 /* VisionSearchablePDFMaker.swift in Sources */ = {isa = PBXBuildFile; fileRef = 0F32183F2B52B0CF00840917 /* VisionSearchablePDFMaker.swift */; };
		0F3218422B52B10C00840917 /* PDFMakerProtocol.swift in Sources */ = {isa = PBXBuildFile; fileRef = 0F3218412B52B10C00840917 /* PDFMakerProtocol.swift */; };
		0F3218442B52B5D300840917 /* RecognizedTextProtocol.swift in Sources */ = {isa = PBXBuildFile; fileRef = 0F3218432B52B5D300840917 /* RecognizedTextProtocol.swift */; };
		0F3218462B52B5E500840917 /* VisionRecognizedText.swift in Sources */ = {isa = PBXBuildFile; fileRef = 0F3218452B52B5E500840917 /* VisionRecognizedText.swift */; };
		0F3218482B52B74300840917 /* PDFMakerError.swift in Sources */ = {isa = PBXBuildFile; fileRef = 0F3218472B52B74300840917 /* PDFMakerError.swift */; };
		0F32184A2B52B98800840917 /* PDFMakerSourcePageProtocol.swift in Sources */ = {isa = PBXBuildFile; fileRef = 0F3218492B52B98800840917 /* PDFMakerSourcePageProtocol.swift */; };
		0F32184C2B52B9EA00840917 /* PDFMakerSourcePage.swift in Sources */ = {isa = PBXBuildFile; fileRef = 0F32184B2B52B9EA00840917 /* PDFMakerSourcePage.swift */; };
		0F32184E2B52CC6E00840917 /* PDFMakerScanResultPageProtocol.swift in Sources */ = {isa = PBXBuildFile; fileRef = 0F32184D2B52CC6E00840917 /* PDFMakerScanResultPageProtocol.swift */; };
		0F3218502B52D0B500840917 /* PDFMakerScanResultPage.swift in Sources */ = {isa = PBXBuildFile; fileRef = 0F32184F2B52D0B500840917 /* PDFMakerScanResultPage.swift */; };
		0F3218522B52D3E800840917 /* FontSizeCalculatorProtocol.swift in Sources */ = {isa = PBXBuildFile; fileRef = 0F3218512B52D3E800840917 /* FontSizeCalculatorProtocol.swift */; };
		0F3218542B52D47400840917 /* FontSizeCalculator.swift in Sources */ = {isa = PBXBuildFile; fileRef = 0F3218532B52D47400840917 /* FontSizeCalculator.swift */; };
		0F3218562B52D75500840917 /* FontSizeCalculatorSourceProtocol.swift in Sources */ = {isa = PBXBuildFile; fileRef = 0F3218552B52D75500840917 /* FontSizeCalculatorSourceProtocol.swift */; };
		0F3218582B52D87200840917 /* FontSizeCalculatorSource.swift in Sources */ = {isa = PBXBuildFile; fileRef = 0F3218572B52D87200840917 /* FontSizeCalculatorSource.swift */; };
		0F32185A2B52F11D00840917 /* FontSizeRangeProtocol.swift in Sources */ = {isa = PBXBuildFile; fileRef = 0F3218592B52F11D00840917 /* FontSizeRangeProtocol.swift */; };
		0F32185C2B52F15800840917 /* FontSizeRange.swift in Sources */ = {isa = PBXBuildFile; fileRef = 0F32185B2B52F15800840917 /* FontSizeRange.swift */; };
		0F32185E2B52FF3B00840917 /* BinarySearchFitState.swift in Sources */ = {isa = PBXBuildFile; fileRef = 0F32185D2B52FF3B00840917 /* BinarySearchFitState.swift */; };
		0F3218602B532D6100840917 /* DocumentViewController+UINavigationItemRenameDelegate.swift in Sources */ = {isa = PBXBuildFile; fileRef = 0F32185F2B532D6000840917 /* DocumentViewController+UINavigationItemRenameDelegate.swift */; };
		0F3218622B54098B00840917 /* PDFDocumentExtensions.swift in Sources */ = {isa = PBXBuildFile; fileRef = 0F3218612B54098B00840917 /* PDFDocumentExtensions.swift */; };
		0F4130B42B40C85900981698 /* MyFilesPresenter.swift in Sources */ = {isa = PBXBuildFile; fileRef = 0F4130B32B40C85900981698 /* MyFilesPresenter.swift */; };
		0F4130B62B40C86C00981698 /* MyFilesInteractor.swift in Sources */ = {isa = PBXBuildFile; fileRef = 0F4130B52B40C86C00981698 /* MyFilesInteractor.swift */; };
		0F4130B82B40C9F800981698 /* PresenterProtocol.swift in Sources */ = {isa = PBXBuildFile; fileRef = 0F4130B72B40C9F800981698 /* PresenterProtocol.swift */; };
		0F4130BA2B40CA0600981698 /* InteractorProtocol.swift in Sources */ = {isa = PBXBuildFile; fileRef = 0F4130B92B40CA0600981698 /* InteractorProtocol.swift */; };
		0F4130BC2B40CD2400981698 /* MyFilesRouter.swift in Sources */ = {isa = PBXBuildFile; fileRef = 0F4130BB2B40CD2400981698 /* MyFilesRouter.swift */; };
		0F4130BE2B40CD3400981698 /* RouterProtocol.swift in Sources */ = {isa = PBXBuildFile; fileRef = 0F4130BD2B40CD3400981698 /* RouterProtocol.swift */; };
		0F4130C32B41B96D00981698 /* DocumentImportManagerProtocol.swift in Sources */ = {isa = PBXBuildFile; fileRef = 0F4130C22B41B96D00981698 /* DocumentImportManagerProtocol.swift */; };
		0F4130C52B41B99A00981698 /* PDFDocumentImportManager.swift in Sources */ = {isa = PBXBuildFile; fileRef = 0F4130C42B41B99A00981698 /* PDFDocumentImportManager.swift */; };
		0F4130C72B41B9F100981698 /* DocumentImportManager.swift in Sources */ = {isa = PBXBuildFile; fileRef = 0F4130C62B41B9F100981698 /* DocumentImportManager.swift */; };
		0F4130C92B41BB5A00981698 /* DocumentImportError.swift in Sources */ = {isa = PBXBuildFile; fileRef = 0F4130C82B41BB5A00981698 /* DocumentImportError.swift */; };
		0F4130CB2B41BE0900981698 /* DocumentPickerManager.swift in Sources */ = {isa = PBXBuildFile; fileRef = 0F4130CA2B41BE0900981698 /* DocumentPickerManager.swift */; };
		0F4130CD2B4587E100981698 /* MyFilesCollectionViewCell.swift in Sources */ = {isa = PBXBuildFile; fileRef = 0F4130CC2B4587E100981698 /* MyFilesCollectionViewCell.swift */; };
		0F4130D02B458B6800981698 /* PDFDocumentViewController.swift in Sources */ = {isa = PBXBuildFile; fileRef = 0F4130CF2B458B6800981698 /* PDFDocumentViewController.swift */; };
		0F60796E2B497A01008DD313 /* FirebaseAuth in Frameworks */ = {isa = PBXBuildFile; productRef = 0F60796D2B497A01008DD313 /* FirebaseAuth */; };
		0F60797A2B49A100008DD313 /* AccountPresenter.swift in Sources */ = {isa = PBXBuildFile; fileRef = 0F6079792B49A100008DD313 /* AccountPresenter.swift */; };
		0F60797C2B49A111008DD313 /* AccountInteractor.swift in Sources */ = {isa = PBXBuildFile; fileRef = 0F60797B2B49A111008DD313 /* AccountInteractor.swift */; };
		0F60797E2B49A124008DD313 /* AccountRouter.swift in Sources */ = {isa = PBXBuildFile; fileRef = 0F60797D2B49A124008DD313 /* AccountRouter.swift */; };
		0F60798D2B49B31E008DD313 /* ScanningRouter.swift in Sources */ = {isa = PBXBuildFile; fileRef = 0F60798C2B49B31E008DD313 /* ScanningRouter.swift */; };
		0F60798F2B49B32D008DD313 /* ScanningPresenter.swift in Sources */ = {isa = PBXBuildFile; fileRef = 0F60798E2B49B32D008DD313 /* ScanningPresenter.swift */; };
		0F6079912B49B33A008DD313 /* ScanningInteractor.swift in Sources */ = {isa = PBXBuildFile; fileRef = 0F6079902B49B33A008DD313 /* ScanningInteractor.swift */; };
		0F6079932B49CA35008DD313 /* GoogleService-Info.plist in Resources */ = {isa = PBXBuildFile; fileRef = 0F6079922B49CA34008DD313 /* GoogleService-Info.plist */; };
		0F84D8FA2B49EB9B00CD3E3F /* MyFilesViewController+DynamicUIProtocol.swift in Sources */ = {isa = PBXBuildFile; fileRef = 0F84D8F92B49EB9B00CD3E3F /* MyFilesViewController+DynamicUIProtocol.swift */; };
		0F84D9092B4AEE5400CD3E3F /* FileInfoView.swift in Sources */ = {isa = PBXBuildFile; fileRef = 0F84D9082B4AEE5400CD3E3F /* FileInfoView.swift */; };
		0FA833F62B58CF8700E04788 /* ApplicationState.swift in Sources */ = {isa = PBXBuildFile; fileRef = 0FA833F52B58CF8600E04788 /* ApplicationState.swift */; };
		0FA833F92B58CFFA00E04788 /* FileManagerApplicationStateProtocol.swift in Sources */ = {isa = PBXBuildFile; fileRef = 0FA833F82B58CFFA00E04788 /* FileManagerApplicationStateProtocol.swift */; };
		0FA833FB2B58D06A00E04788 /* ApplicationState+FileManagerApplicationStateProtocol.swift in Sources */ = {isa = PBXBuildFile; fileRef = 0FA833FA2B58D06A00E04788 /* ApplicationState+FileManagerApplicationStateProtocol.swift */; };
		0FA833FD2B58D0C800E04788 /* DocumentScannerApplicationStateProtocol.swift in Sources */ = {isa = PBXBuildFile; fileRef = 0FA833FC2B58D0C800E04788 /* DocumentScannerApplicationStateProtocol.swift */; };
		0FA833FF2B58D0F300E04788 /* ApplicationState+DocumentScannerApplicationStateProtocol.swift in Sources */ = {isa = PBXBuildFile; fileRef = 0FA833FE2B58D0F300E04788 /* ApplicationState+DocumentScannerApplicationStateProtocol.swift */; };
		0FA834012B58DD4100E04788 /* DocumentViewerApplicationStateProtocol.swift in Sources */ = {isa = PBXBuildFile; fileRef = 0FA834002B58DD4100E04788 /* DocumentViewerApplicationStateProtocol.swift */; };
		0FA834032B58DD8100E04788 /* ApplicationState+DocumentViewerApplicationStateProtocol.swift in Sources */ = {isa = PBXBuildFile; fileRef = 0FA834022B58DD8100E04788 /* ApplicationState+DocumentViewerApplicationStateProtocol.swift */; };
		0FA834052B5A95C300E04788 /* CV Dmytro Skorokhod 2024 PDF.pdf in Resources */ = {isa = PBXBuildFile; fileRef = 0FA834042B5A95C300E04788 /* CV Dmytro Skorokhod 2024 PDF.pdf */; };
		0FA834062B5A95F700E04788 /* CV Dmytro Skorokhod 2024 PDF.pdf in Resources */ = {isa = PBXBuildFile; fileRef = 0FA834042B5A95C300E04788 /* CV Dmytro Skorokhod 2024 PDF.pdf */; };
		0FAA0DF52B45C0D5002FC0F9 /* Weak.swift in Sources */ = {isa = PBXBuildFile; fileRef = 0FAA0DF42B45C0D5002FC0F9 /* Weak.swift */; };
		0FAA0DFD2B45CB9D002FC0F9 /* DynamicUIProtocol.swift in Sources */ = {isa = PBXBuildFile; fileRef = 0FAA0DFC2B45CB9D002FC0F9 /* DynamicUIProtocol.swift */; };
		0FAA0DFF2B45CBD5002FC0F9 /* UIViewController+DynamicUIProtocol.swift in Sources */ = {isa = PBXBuildFile; fileRef = 0FAA0DFE2B45CBD5002FC0F9 /* UIViewController+DynamicUIProtocol.swift */; };
		0FAA0E012B45DE3D002FC0F9 /* MyFilesViewController+UISearchResultsUpdating.swift in Sources */ = {isa = PBXBuildFile; fileRef = 0FAA0E002B45DE3D002FC0F9 /* MyFilesViewController+UISearchResultsUpdating.swift */; };
		0FAA0E032B462895002FC0F9 /* PDFDocumentRouter.swift in Sources */ = {isa = PBXBuildFile; fileRef = 0FAA0E022B462895002FC0F9 /* PDFDocumentRouter.swift */; };
		0FAA0E052B46FFF6002FC0F9 /* MyFilesViewController+UICollectionViewDelegate.swift in Sources */ = {isa = PBXBuildFile; fileRef = 0FAA0E042B46FFF6002FC0F9 /* MyFilesViewController+UICollectionViewDelegate.swift */; };
		0FAA6E7E2B4C64F70009D0A3 /* FullScreenRouter.swift in Sources */ = {isa = PBXBuildFile; fileRef = 0FAA6E7D2B4C64F70009D0A3 /* FullScreenRouter.swift */; };
		0FAA6E802B4C65470009D0A3 /* DocumentViewController.swift in Sources */ = {isa = PBXBuildFile; fileRef = 0FAA6E7F2B4C65470009D0A3 /* DocumentViewController.swift */; };
		0FAA6E842B4C69260009D0A3 /* DocumentViewController+UISearchResultsUpdating.swift in Sources */ = {isa = PBXBuildFile; fileRef = 0FAA6E832B4C69260009D0A3 /* DocumentViewController+UISearchResultsUpdating.swift */; };
		0FAA6E862B4C6EDB0009D0A3 /* PDFDocumentPresenter.swift in Sources */ = {isa = PBXBuildFile; fileRef = 0FAA6E852B4C6EDB0009D0A3 /* PDFDocumentPresenter.swift */; };
		0FAA6E882B4C6F050009D0A3 /* PDFDocumentInteractor.swift in Sources */ = {isa = PBXBuildFile; fileRef = 0FAA6E872B4C6F050009D0A3 /* PDFDocumentInteractor.swift */; };
		0FAA6E8A2B4C71730009D0A3 /* PDFDocumentKeeper.swift in Sources */ = {isa = PBXBuildFile; fileRef = 0FAA6E892B4C71730009D0A3 /* PDFDocumentKeeper.swift */; };
		0FAA6E8C2B4C7F9B0009D0A3 /* PDFDocumentKeeper+PDFDocumentDelegate.swift in Sources */ = {isa = PBXBuildFile; fileRef = 0FAA6E8B2B4C7F9B0009D0A3 /* PDFDocumentKeeper+PDFDocumentDelegate.swift */; };
		0FAA6E8F2B4C80BE0009D0A3 /* PDFSelection+Comparable.swift in Sources */ = {isa = PBXBuildFile; fileRef = 0FAA6E8E2B4C80BE0009D0A3 /* PDFSelection+Comparable.swift */; };
		0FAA6E912B4C82170009D0A3 /* DynamicUINotifier.swift in Sources */ = {isa = PBXBuildFile; fileRef = 0FAA6E902B4C82170009D0A3 /* DynamicUINotifier.swift */; };
		0FAA6E942B4C855C0009D0A3 /* PDFDocumentViewController+DynamicUIProtocol.swift in Sources */ = {isa = PBXBuildFile; fileRef = 0FAA6E932B4C855C0009D0A3 /* PDFDocumentViewController+DynamicUIProtocol.swift */; };
		0FB1CEAC2B4D5D34005EDF0F /* DocumentViewController+UIGestureRecognizerDelegate.swift in Sources */ = {isa = PBXBuildFile; fileRef = 0FB1CEAB2B4D5D34005EDF0F /* DocumentViewController+UIGestureRecognizerDelegate.swift */; };
		0FB1CEAF2B4DB46C005EDF0F /* PositionKeeperProtocol.swift in Sources */ = {isa = PBXBuildFile; fileRef = 0FB1CEAE2B4DB46C005EDF0F /* PositionKeeperProtocol.swift */; };
		0FB1CEB12B4DB47E005EDF0F /* PDFDocumentPositionKeeper.swift in Sources */ = {isa = PBXBuildFile; fileRef = 0FB1CEB02B4DB47E005EDF0F /* PDFDocumentPositionKeeper.swift */; };
		0FB1CEB32B4DB53D005EDF0F /* PositionsListProtocol.swift in Sources */ = {isa = PBXBuildFile; fileRef = 0FB1CEB22B4DB53D005EDF0F /* PositionsListProtocol.swift */; };
		0FB1CEB52B4DB562005EDF0F /* PositionsList.swift in Sources */ = {isa = PBXBuildFile; fileRef = 0FB1CEB42B4DB562005EDF0F /* PositionsList.swift */; };
		0FB1CEB72B4DB5D4005EDF0F /* PositionProtocol.swift in Sources */ = {isa = PBXBuildFile; fileRef = 0FB1CEB62B4DB5D4005EDF0F /* PositionProtocol.swift */; };
		0FB1CEB92B4DB60E005EDF0F /* Position.swift in Sources */ = {isa = PBXBuildFile; fileRef = 0FB1CEB82B4DB60E005EDF0F /* Position.swift */; };
		0FB1CEBB2B4DB736005EDF0F /* PositionKeeperError.swift in Sources */ = {isa = PBXBuildFile; fileRef = 0FB1CEBA2B4DB736005EDF0F /* PositionKeeperError.swift */; };
		0FB7DAE62B3DF08000985825 /* Localizable.xcstrings in Resources */ = {isa = PBXBuildFile; fileRef = 0FB7DAE52B3DF08000985825 /* Localizable.xcstrings */; };
		0FB7DAE82B3DF51B00985825 /* ScanningViewController.swift in Sources */ = {isa = PBXBuildFile; fileRef = 0FB7DAE72B3DF51B00985825 /* ScanningViewController.swift */; };
		0FB7DAEA2B3DF54100985825 /* AccountViewController.swift in Sources */ = {isa = PBXBuildFile; fileRef = 0FB7DAE92B3DF54100985825 /* AccountViewController.swift */; };
		0FB7DAEC2B3E0A1600985825 /* HomeTabBarController.swift in Sources */ = {isa = PBXBuildFile; fileRef = 0FB7DAEB2B3E0A1600985825 /* HomeTabBarController.swift */; };
		0FB7DAF22B3F150E00985825 /* FileStorageProtocol.swift in Sources */ = {isa = PBXBuildFile; fileRef = 0FB7DAF12B3F150E00985825 /* FileStorageProtocol.swift */; };
		0FB7DAF52B3F159900985825 /* FileProtocol.swift in Sources */ = {isa = PBXBuildFile; fileRef = 0FB7DAF42B3F159900985825 /* FileProtocol.swift */; };
		0FB7DAF92B3F16B400985825 /* DiskFileStorage.swift in Sources */ = {isa = PBXBuildFile; fileRef = 0FB7DAF82B3F16B400985825 /* DiskFileStorage.swift */; };
		0FB7DAFB2B3F1A6F00985825 /* FilesListProtocol.swift in Sources */ = {isa = PBXBuildFile; fileRef = 0FB7DAFA2B3F1A6F00985825 /* FilesListProtocol.swift */; };
		0FB7DAFF2B3F1C8900985825 /* AppCoordinator.swift in Sources */ = {isa = PBXBuildFile; fileRef = 0FB7DAFE2B3F1C8900985825 /* AppCoordinator.swift */; };
		0FB7DB012B3F1F2000985825 /* FileType.swift in Sources */ = {isa = PBXBuildFile; fileRef = 0FB7DB002B3F1F2000985825 /* FileType.swift */; };
		0FB7DB072B3F2A2F00985825 /* DiskFile.swift in Sources */ = {isa = PBXBuildFile; fileRef = 0FB7DB062B3F2A2F00985825 /* DiskFile.swift */; };
		0FB7DB092B3F2B9D00985825 /* DiskFilesList.swift in Sources */ = {isa = PBXBuildFile; fileRef = 0FB7DB082B3F2B9D00985825 /* DiskFilesList.swift */; };
		0FB7DB0B2B3F30F600985825 /* DiskFileStorageError.swift in Sources */ = {isa = PBXBuildFile; fileRef = 0FB7DB0A2B3F30F600985825 /* DiskFileStorageError.swift */; };
		0FBCA99A2B3DA7A000149F38 /* AppDelegate.swift in Sources */ = {isa = PBXBuildFile; fileRef = 0FBCA9992B3DA7A000149F38 /* AppDelegate.swift */; };
		0FBCA99C2B3DA7A000149F38 /* SceneDelegate.swift in Sources */ = {isa = PBXBuildFile; fileRef = 0FBCA99B2B3DA7A000149F38 /* SceneDelegate.swift */; };
		0FBCA99E2B3DA7A000149F38 /* MyFilesViewController.swift in Sources */ = {isa = PBXBuildFile; fileRef = 0FBCA99D2B3DA7A000149F38 /* MyFilesViewController.swift */; };
		0FBCA9A32B3DA7A200149F38 /* Assets.xcassets in Resources */ = {isa = PBXBuildFile; fileRef = 0FBCA9A22B3DA7A200149F38 /* Assets.xcassets */; };
		0FBCA9A62B3DA7A200149F38 /* LaunchScreen.storyboard in Resources */ = {isa = PBXBuildFile; fileRef = 0FBCA9A42B3DA7A200149F38 /* LaunchScreen.storyboard */; };
		0FE159712B407F1E000F5EDD /* DiskFileStorageTests.swift in Sources */ = {isa = PBXBuildFile; fileRef = 0FE159702B407F1E000F5EDD /* DiskFileStorageTests.swift */; };
/* End PBXBuildFile section */

/* Begin PBXContainerItemProxy section */
		0FBCA9AD2B3DA7A300149F38 /* PBXContainerItemProxy */ = {
			isa = PBXContainerItemProxy;
			containerPortal = 0FBCA98E2B3DA7A000149F38 /* Project object */;
			proxyType = 1;
			remoteGlobalIDString = 0FBCA9952B3DA7A000149F38;
			remoteInfo = PDFReaderApp;
		};
/* End PBXContainerItemProxy section */

/* Begin PBXFileReference section */
		0F04FD3B2B4087DA005F9968 /* PDFReaderApp.xctestplan */ = {isa = PBXFileReference; lastKnownFileType = text; path = PDFReaderApp.xctestplan; sourceTree = "<group>"; };
		0F0BFEFF2BBD7C0A007CCF2D /* SubscriptionManager.swift */ = {isa = PBXFileReference; lastKnownFileType = sourcecode.swift; path = SubscriptionManager.swift; sourceTree = "<group>"; };
		0F0BFF012BBD7C44007CCF2D /* SubscriptionManagerProtocol.swift */ = {isa = PBXFileReference; lastKnownFileType = sourcecode.swift; path = SubscriptionManagerProtocol.swift; sourceTree = "<group>"; };
		0F0BFF042BBD7D8F007CCF2D /* StoreKit.framework */ = {isa = PBXFileReference; lastKnownFileType = wrapper.framework; name = StoreKit.framework; path = System/Library/Frameworks/StoreKit.framework; sourceTree = SDKROOT; };
		0F0BFF062BBD7DB2007CCF2D /* IAPProduct.swift */ = {isa = PBXFileReference; lastKnownFileType = sourcecode.swift; path = IAPProduct.swift; sourceTree = "<group>"; };
		0F0BFF082BBD7DD6007CCF2D /* IAPHelper.swift */ = {isa = PBXFileReference; lastKnownFileType = sourcecode.swift; path = IAPHelper.swift; sourceTree = "<group>"; };
		0F0BFF0A2BBD7E4F007CCF2D /* Subscription.swift */ = {isa = PBXFileReference; lastKnownFileType = sourcecode.swift; path = Subscription.swift; sourceTree = "<group>"; };
		0F0BFF0E2BBD80BB007CCF2D /* SubscriptionProposalView.swift */ = {isa = PBXFileReference; lastKnownFileType = sourcecode.swift; path = SubscriptionProposalView.swift; sourceTree = "<group>"; };
		0F0BFF112BBD8C4E007CCF2D /* SubscriptionProposalRouter.swift */ = {isa = PBXFileReference; lastKnownFileType = sourcecode.swift; path = SubscriptionProposalRouter.swift; sourceTree = "<group>"; };
		0F0BFF132BBD906B007CCF2D /* SubscriptionApplicationStateProtocol.swift */ = {isa = PBXFileReference; lastKnownFileType = sourcecode.swift; path = SubscriptionApplicationStateProtocol.swift; sourceTree = "<group>"; };
		0F0BFF152BBD9088007CCF2D /* ApplicationState+SubscriptionApplicationStateProtocol.swift */ = {isa = PBXFileReference; lastKnownFileType = sourcecode.swift; path = "ApplicationState+SubscriptionApplicationStateProtocol.swift"; sourceTree = "<group>"; };
		0F0BFF172BBDAAEE007CCF2D /* PDFDocumentScannerStoreKitConfiguration.storekit */ = {isa = PBXFileReference; lastKnownFileType = text; path = PDFDocumentScannerStoreKitConfiguration.storekit; sourceTree = "<group>"; };
		0F32182D2B4EDA4000840917 /* UIViewExtensions.swift */ = {isa = PBXFileReference; lastKnownFileType = sourcecode.swift; path = UIViewExtensions.swift; sourceTree = "<group>"; };
		0F32182F2B4EE1C700840917 /* VisionDocumentCameraRouter.swift */ = {isa = PBXFileReference; lastKnownFileType = sourcecode.swift; path = VisionDocumentCameraRouter.swift; sourceTree = "<group>"; };
		0F3218332B4F0DCB00840917 /* VisionDocumentCameraManager.swift */ = {isa = PBXFileReference; lastKnownFileType = sourcecode.swift; path = VisionDocumentCameraManager.swift; sourceTree = "<group>"; };
		0F3218352B4F0DE600840917 /* DocumentCameraManagerProtocol.swift */ = {isa = PBXFileReference; lastKnownFileType = sourcecode.swift; path = DocumentCameraManagerProtocol.swift; sourceTree = "<group>"; };
		0F3218372B4F0E3C00840917 /* DocumentCameraManager+VNDocumentCameraViewControllerDelegate.swift */ = {isa = PBXFileReference; lastKnownFileType = sourcecode.swift; path = "DocumentCameraManager+VNDocumentCameraViewControllerDelegate.swift"; sourceTree = "<group>"; };
		0F3218392B4F0E8800840917 /* DocumentPickerManager+UIDocumentPickerDelegate.swift */ = {isa = PBXFileReference; lastKnownFileType = sourcecode.swift; path = "DocumentPickerManager+UIDocumentPickerDelegate.swift"; sourceTree = "<group>"; };
		0F32183B2B4F11F800840917 /* DynamicUINotifierProtocol.swift */ = {isa = PBXFileReference; lastKnownFileType = sourcecode.swift; path = DynamicUINotifierProtocol.swift; sourceTree = "<group>"; };
		0F32183D2B4F208200840917 /* ScanningViewController+DynamicUIProtocol.swift */ = {isa = PBXFileReference; lastKnownFileType = sourcecode.swift; path = "ScanningViewController+DynamicUIProtocol.swift"; sourceTree = "<group>"; };
		0F32183F2B52B0CF00840917 /* VisionSearchablePDFMaker.swift */ = {isa = PBXFileReference; lastKnownFileType = sourcecode.swift; path = VisionSearchablePDFMaker.swift; sourceTree = "<group>"; };
		0F3218412B52B10C00840917 /* PDFMakerProtocol.swift */ = {isa = PBXFileReference; lastKnownFileType = sourcecode.swift; path = PDFMakerProtocol.swift; sourceTree = "<group>"; };
		0F3218432B52B5D300840917 /* RecognizedTextProtocol.swift */ = {isa = PBXFileReference; lastKnownFileType = sourcecode.swift; path = RecognizedTextProtocol.swift; sourceTree = "<group>"; };
		0F3218452B52B5E500840917 /* VisionRecognizedText.swift */ = {isa = PBXFileReference; lastKnownFileType = sourcecode.swift; path = VisionRecognizedText.swift; sourceTree = "<group>"; };
		0F3218472B52B74300840917 /* PDFMakerError.swift */ = {isa = PBXFileReference; lastKnownFileType = sourcecode.swift; path = PDFMakerError.swift; sourceTree = "<group>"; };
		0F3218492B52B98800840917 /* PDFMakerSourcePageProtocol.swift */ = {isa = PBXFileReference; lastKnownFileType = sourcecode.swift; path = PDFMakerSourcePageProtocol.swift; sourceTree = "<group>"; };
		0F32184B2B52B9EA00840917 /* PDFMakerSourcePage.swift */ = {isa = PBXFileReference; lastKnownFileType = sourcecode.swift; path = PDFMakerSourcePage.swift; sourceTree = "<group>"; };
		0F32184D2B52CC6E00840917 /* PDFMakerScanResultPageProtocol.swift */ = {isa = PBXFileReference; lastKnownFileType = sourcecode.swift; path = PDFMakerScanResultPageProtocol.swift; sourceTree = "<group>"; };
		0F32184F2B52D0B500840917 /* PDFMakerScanResultPage.swift */ = {isa = PBXFileReference; lastKnownFileType = sourcecode.swift; path = PDFMakerScanResultPage.swift; sourceTree = "<group>"; };
		0F3218512B52D3E800840917 /* FontSizeCalculatorProtocol.swift */ = {isa = PBXFileReference; lastKnownFileType = sourcecode.swift; path = FontSizeCalculatorProtocol.swift; sourceTree = "<group>"; };
		0F3218532B52D47400840917 /* FontSizeCalculator.swift */ = {isa = PBXFileReference; lastKnownFileType = sourcecode.swift; path = FontSizeCalculator.swift; sourceTree = "<group>"; };
		0F3218552B52D75500840917 /* FontSizeCalculatorSourceProtocol.swift */ = {isa = PBXFileReference; lastKnownFileType = sourcecode.swift; path = FontSizeCalculatorSourceProtocol.swift; sourceTree = "<group>"; };
		0F3218572B52D87200840917 /* FontSizeCalculatorSource.swift */ = {isa = PBXFileReference; lastKnownFileType = sourcecode.swift; path = FontSizeCalculatorSource.swift; sourceTree = "<group>"; };
		0F3218592B52F11D00840917 /* FontSizeRangeProtocol.swift */ = {isa = PBXFileReference; lastKnownFileType = sourcecode.swift; path = FontSizeRangeProtocol.swift; sourceTree = "<group>"; };
		0F32185B2B52F15800840917 /* FontSizeRange.swift */ = {isa = PBXFileReference; lastKnownFileType = sourcecode.swift; path = FontSizeRange.swift; sourceTree = "<group>"; };
		0F32185D2B52FF3B00840917 /* BinarySearchFitState.swift */ = {isa = PBXFileReference; lastKnownFileType = sourcecode.swift; path = BinarySearchFitState.swift; sourceTree = "<group>"; };
		0F32185F2B532D6000840917 /* DocumentViewController+UINavigationItemRenameDelegate.swift */ = {isa = PBXFileReference; lastKnownFileType = sourcecode.swift; path = "DocumentViewController+UINavigationItemRenameDelegate.swift"; sourceTree = "<group>"; };
		0F3218612B54098B00840917 /* PDFDocumentExtensions.swift */ = {isa = PBXFileReference; lastKnownFileType = sourcecode.swift; path = PDFDocumentExtensions.swift; sourceTree = "<group>"; };
		0F4130B32B40C85900981698 /* MyFilesPresenter.swift */ = {isa = PBXFileReference; lastKnownFileType = sourcecode.swift; path = MyFilesPresenter.swift; sourceTree = "<group>"; };
		0F4130B52B40C86C00981698 /* MyFilesInteractor.swift */ = {isa = PBXFileReference; lastKnownFileType = sourcecode.swift; path = MyFilesInteractor.swift; sourceTree = "<group>"; };
		0F4130B72B40C9F800981698 /* PresenterProtocol.swift */ = {isa = PBXFileReference; lastKnownFileType = sourcecode.swift; path = PresenterProtocol.swift; sourceTree = "<group>"; };
		0F4130B92B40CA0600981698 /* InteractorProtocol.swift */ = {isa = PBXFileReference; lastKnownFileType = sourcecode.swift; path = InteractorProtocol.swift; sourceTree = "<group>"; };
		0F4130BB2B40CD2400981698 /* MyFilesRouter.swift */ = {isa = PBXFileReference; lastKnownFileType = sourcecode.swift; path = MyFilesRouter.swift; sourceTree = "<group>"; };
		0F4130BD2B40CD3400981698 /* RouterProtocol.swift */ = {isa = PBXFileReference; lastKnownFileType = sourcecode.swift; path = RouterProtocol.swift; sourceTree = "<group>"; };
		0F4130C22B41B96D00981698 /* DocumentImportManagerProtocol.swift */ = {isa = PBXFileReference; lastKnownFileType = sourcecode.swift; path = DocumentImportManagerProtocol.swift; sourceTree = "<group>"; };
		0F4130C42B41B99A00981698 /* PDFDocumentImportManager.swift */ = {isa = PBXFileReference; lastKnownFileType = sourcecode.swift; path = PDFDocumentImportManager.swift; sourceTree = "<group>"; };
		0F4130C62B41B9F100981698 /* DocumentImportManager.swift */ = {isa = PBXFileReference; lastKnownFileType = sourcecode.swift; path = DocumentImportManager.swift; sourceTree = "<group>"; };
		0F4130C82B41BB5A00981698 /* DocumentImportError.swift */ = {isa = PBXFileReference; lastKnownFileType = sourcecode.swift; path = DocumentImportError.swift; sourceTree = "<group>"; };
		0F4130CA2B41BE0900981698 /* DocumentPickerManager.swift */ = {isa = PBXFileReference; lastKnownFileType = sourcecode.swift; path = DocumentPickerManager.swift; sourceTree = "<group>"; };
		0F4130CC2B4587E100981698 /* MyFilesCollectionViewCell.swift */ = {isa = PBXFileReference; lastKnownFileType = sourcecode.swift; path = MyFilesCollectionViewCell.swift; sourceTree = "<group>"; };
		0F4130CF2B458B6800981698 /* PDFDocumentViewController.swift */ = {isa = PBXFileReference; lastKnownFileType = sourcecode.swift; path = PDFDocumentViewController.swift; sourceTree = "<group>"; };
		0F6079792B49A100008DD313 /* AccountPresenter.swift */ = {isa = PBXFileReference; lastKnownFileType = sourcecode.swift; path = AccountPresenter.swift; sourceTree = "<group>"; };
		0F60797B2B49A111008DD313 /* AccountInteractor.swift */ = {isa = PBXFileReference; lastKnownFileType = sourcecode.swift; path = AccountInteractor.swift; sourceTree = "<group>"; };
		0F60797D2B49A124008DD313 /* AccountRouter.swift */ = {isa = PBXFileReference; lastKnownFileType = sourcecode.swift; path = AccountRouter.swift; sourceTree = "<group>"; };
		0F60798C2B49B31E008DD313 /* ScanningRouter.swift */ = {isa = PBXFileReference; lastKnownFileType = sourcecode.swift; path = ScanningRouter.swift; sourceTree = "<group>"; };
		0F60798E2B49B32D008DD313 /* ScanningPresenter.swift */ = {isa = PBXFileReference; lastKnownFileType = sourcecode.swift; path = ScanningPresenter.swift; sourceTree = "<group>"; };
		0F6079902B49B33A008DD313 /* ScanningInteractor.swift */ = {isa = PBXFileReference; lastKnownFileType = sourcecode.swift; path = ScanningInteractor.swift; sourceTree = "<group>"; };
		0F6079922B49CA34008DD313 /* GoogleService-Info.plist */ = {isa = PBXFileReference; fileEncoding = 4; lastKnownFileType = text.plist.xml; path = "GoogleService-Info.plist"; sourceTree = "<group>"; };
		0F84D8F92B49EB9B00CD3E3F /* MyFilesViewController+DynamicUIProtocol.swift */ = {isa = PBXFileReference; lastKnownFileType = sourcecode.swift; path = "MyFilesViewController+DynamicUIProtocol.swift"; sourceTree = "<group>"; };
		0F84D9082B4AEE5400CD3E3F /* FileInfoView.swift */ = {isa = PBXFileReference; lastKnownFileType = sourcecode.swift; path = FileInfoView.swift; sourceTree = "<group>"; };
		0FA833F52B58CF8600E04788 /* ApplicationState.swift */ = {isa = PBXFileReference; lastKnownFileType = sourcecode.swift; path = ApplicationState.swift; sourceTree = "<group>"; };
		0FA833F82B58CFFA00E04788 /* FileManagerApplicationStateProtocol.swift */ = {isa = PBXFileReference; lastKnownFileType = sourcecode.swift; path = FileManagerApplicationStateProtocol.swift; sourceTree = "<group>"; };
		0FA833FA2B58D06A00E04788 /* ApplicationState+FileManagerApplicationStateProtocol.swift */ = {isa = PBXFileReference; lastKnownFileType = sourcecode.swift; path = "ApplicationState+FileManagerApplicationStateProtocol.swift"; sourceTree = "<group>"; };
		0FA833FC2B58D0C800E04788 /* DocumentScannerApplicationStateProtocol.swift */ = {isa = PBXFileReference; lastKnownFileType = sourcecode.swift; path = DocumentScannerApplicationStateProtocol.swift; sourceTree = "<group>"; };
		0FA833FE2B58D0F300E04788 /* ApplicationState+DocumentScannerApplicationStateProtocol.swift */ = {isa = PBXFileReference; lastKnownFileType = sourcecode.swift; path = "ApplicationState+DocumentScannerApplicationStateProtocol.swift"; sourceTree = "<group>"; };
		0FA834002B58DD4100E04788 /* DocumentViewerApplicationStateProtocol.swift */ = {isa = PBXFileReference; lastKnownFileType = sourcecode.swift; path = DocumentViewerApplicationStateProtocol.swift; sourceTree = "<group>"; };
		0FA834022B58DD8100E04788 /* ApplicationState+DocumentViewerApplicationStateProtocol.swift */ = {isa = PBXFileReference; lastKnownFileType = sourcecode.swift; path = "ApplicationState+DocumentViewerApplicationStateProtocol.swift"; sourceTree = "<group>"; };
		0FA834042B5A95C300E04788 /* CV Dmytro Skorokhod 2024 PDF.pdf */ = {isa = PBXFileReference; lastKnownFileType = image.pdf; path = "CV Dmytro Skorokhod 2024 PDF.pdf"; sourceTree = "<group>"; };
		0FAA0DF42B45C0D5002FC0F9 /* Weak.swift */ = {isa = PBXFileReference; lastKnownFileType = sourcecode.swift; path = Weak.swift; sourceTree = "<group>"; };
		0FAA0DFC2B45CB9D002FC0F9 /* DynamicUIProtocol.swift */ = {isa = PBXFileReference; lastKnownFileType = sourcecode.swift; path = DynamicUIProtocol.swift; sourceTree = "<group>"; };
		0FAA0DFE2B45CBD5002FC0F9 /* UIViewController+DynamicUIProtocol.swift */ = {isa = PBXFileReference; lastKnownFileType = sourcecode.swift; path = "UIViewController+DynamicUIProtocol.swift"; sourceTree = "<group>"; };
		0FAA0E002B45DE3D002FC0F9 /* MyFilesViewController+UISearchResultsUpdating.swift */ = {isa = PBXFileReference; lastKnownFileType = sourcecode.swift; path = "MyFilesViewController+UISearchResultsUpdating.swift"; sourceTree = "<group>"; };
		0FAA0E022B462895002FC0F9 /* PDFDocumentRouter.swift */ = {isa = PBXFileReference; lastKnownFileType = sourcecode.swift; path = PDFDocumentRouter.swift; sourceTree = "<group>"; };
		0FAA0E042B46FFF6002FC0F9 /* MyFilesViewController+UICollectionViewDelegate.swift */ = {isa = PBXFileReference; lastKnownFileType = sourcecode.swift; path = "MyFilesViewController+UICollectionViewDelegate.swift"; sourceTree = "<group>"; };
		0FAA6E7D2B4C64F70009D0A3 /* FullScreenRouter.swift */ = {isa = PBXFileReference; lastKnownFileType = sourcecode.swift; path = FullScreenRouter.swift; sourceTree = "<group>"; };
		0FAA6E7F2B4C65470009D0A3 /* DocumentViewController.swift */ = {isa = PBXFileReference; lastKnownFileType = sourcecode.swift; path = DocumentViewController.swift; sourceTree = "<group>"; };
		0FAA6E832B4C69260009D0A3 /* DocumentViewController+UISearchResultsUpdating.swift */ = {isa = PBXFileReference; lastKnownFileType = sourcecode.swift; path = "DocumentViewController+UISearchResultsUpdating.swift"; sourceTree = "<group>"; };
		0FAA6E852B4C6EDB0009D0A3 /* PDFDocumentPresenter.swift */ = {isa = PBXFileReference; lastKnownFileType = sourcecode.swift; path = PDFDocumentPresenter.swift; sourceTree = "<group>"; };
		0FAA6E872B4C6F050009D0A3 /* PDFDocumentInteractor.swift */ = {isa = PBXFileReference; lastKnownFileType = sourcecode.swift; path = PDFDocumentInteractor.swift; sourceTree = "<group>"; };
		0FAA6E892B4C71730009D0A3 /* PDFDocumentKeeper.swift */ = {isa = PBXFileReference; lastKnownFileType = sourcecode.swift; path = PDFDocumentKeeper.swift; sourceTree = "<group>"; };
		0FAA6E8B2B4C7F9B0009D0A3 /* PDFDocumentKeeper+PDFDocumentDelegate.swift */ = {isa = PBXFileReference; lastKnownFileType = sourcecode.swift; path = "PDFDocumentKeeper+PDFDocumentDelegate.swift"; sourceTree = "<group>"; };
		0FAA6E8E2B4C80BE0009D0A3 /* PDFSelection+Comparable.swift */ = {isa = PBXFileReference; lastKnownFileType = sourcecode.swift; path = "PDFSelection+Comparable.swift"; sourceTree = "<group>"; };
		0FAA6E902B4C82170009D0A3 /* DynamicUINotifier.swift */ = {isa = PBXFileReference; lastKnownFileType = sourcecode.swift; path = DynamicUINotifier.swift; sourceTree = "<group>"; };
		0FAA6E932B4C855C0009D0A3 /* PDFDocumentViewController+DynamicUIProtocol.swift */ = {isa = PBXFileReference; lastKnownFileType = sourcecode.swift; path = "PDFDocumentViewController+DynamicUIProtocol.swift"; sourceTree = "<group>"; };
		0FB1CEAB2B4D5D34005EDF0F /* DocumentViewController+UIGestureRecognizerDelegate.swift */ = {isa = PBXFileReference; lastKnownFileType = sourcecode.swift; path = "DocumentViewController+UIGestureRecognizerDelegate.swift"; sourceTree = "<group>"; };
		0FB1CEAE2B4DB46C005EDF0F /* PositionKeeperProtocol.swift */ = {isa = PBXFileReference; lastKnownFileType = sourcecode.swift; path = PositionKeeperProtocol.swift; sourceTree = "<group>"; };
		0FB1CEB02B4DB47E005EDF0F /* PDFDocumentPositionKeeper.swift */ = {isa = PBXFileReference; lastKnownFileType = sourcecode.swift; path = PDFDocumentPositionKeeper.swift; sourceTree = "<group>"; };
		0FB1CEB22B4DB53D005EDF0F /* PositionsListProtocol.swift */ = {isa = PBXFileReference; lastKnownFileType = sourcecode.swift; path = PositionsListProtocol.swift; sourceTree = "<group>"; };
		0FB1CEB42B4DB562005EDF0F /* PositionsList.swift */ = {isa = PBXFileReference; lastKnownFileType = sourcecode.swift; path = PositionsList.swift; sourceTree = "<group>"; };
		0FB1CEB62B4DB5D4005EDF0F /* PositionProtocol.swift */ = {isa = PBXFileReference; lastKnownFileType = sourcecode.swift; path = PositionProtocol.swift; sourceTree = "<group>"; };
		0FB1CEB82B4DB60E005EDF0F /* Position.swift */ = {isa = PBXFileReference; lastKnownFileType = sourcecode.swift; path = Position.swift; sourceTree = "<group>"; };
		0FB1CEBA2B4DB736005EDF0F /* PositionKeeperError.swift */ = {isa = PBXFileReference; lastKnownFileType = sourcecode.swift; path = PositionKeeperError.swift; sourceTree = "<group>"; };
		0FB7DAE52B3DF08000985825 /* Localizable.xcstrings */ = {isa = PBXFileReference; lastKnownFileType = text.json.xcstrings; path = Localizable.xcstrings; sourceTree = "<group>"; };
		0FB7DAE72B3DF51B00985825 /* ScanningViewController.swift */ = {isa = PBXFileReference; lastKnownFileType = sourcecode.swift; path = ScanningViewController.swift; sourceTree = "<group>"; };
		0FB7DAE92B3DF54100985825 /* AccountViewController.swift */ = {isa = PBXFileReference; lastKnownFileType = sourcecode.swift; path = AccountViewController.swift; sourceTree = "<group>"; };
		0FB7DAEB2B3E0A1600985825 /* HomeTabBarController.swift */ = {isa = PBXFileReference; lastKnownFileType = sourcecode.swift; path = HomeTabBarController.swift; sourceTree = "<group>"; };
		0FB7DAF12B3F150E00985825 /* FileStorageProtocol.swift */ = {isa = PBXFileReference; lastKnownFileType = sourcecode.swift; path = FileStorageProtocol.swift; sourceTree = "<group>"; };
		0FB7DAF42B3F159900985825 /* FileProtocol.swift */ = {isa = PBXFileReference; lastKnownFileType = sourcecode.swift; path = FileProtocol.swift; sourceTree = "<group>"; };
		0FB7DAF82B3F16B400985825 /* DiskFileStorage.swift */ = {isa = PBXFileReference; lastKnownFileType = sourcecode.swift; path = DiskFileStorage.swift; sourceTree = "<group>"; };
		0FB7DAFA2B3F1A6F00985825 /* FilesListProtocol.swift */ = {isa = PBXFileReference; lastKnownFileType = sourcecode.swift; path = FilesListProtocol.swift; sourceTree = "<group>"; };
		0FB7DAFE2B3F1C8900985825 /* AppCoordinator.swift */ = {isa = PBXFileReference; lastKnownFileType = sourcecode.swift; path = AppCoordinator.swift; sourceTree = "<group>"; };
		0FB7DB002B3F1F2000985825 /* FileType.swift */ = {isa = PBXFileReference; lastKnownFileType = sourcecode.swift; path = FileType.swift; sourceTree = "<group>"; };
		0FB7DB062B3F2A2F00985825 /* DiskFile.swift */ = {isa = PBXFileReference; lastKnownFileType = sourcecode.swift; path = DiskFile.swift; sourceTree = "<group>"; };
		0FB7DB082B3F2B9D00985825 /* DiskFilesList.swift */ = {isa = PBXFileReference; lastKnownFileType = sourcecode.swift; path = DiskFilesList.swift; sourceTree = "<group>"; };
		0FB7DB0A2B3F30F600985825 /* DiskFileStorageError.swift */ = {isa = PBXFileReference; lastKnownFileType = sourcecode.swift; path = DiskFileStorageError.swift; sourceTree = "<group>"; };
		0FBCA9962B3DA7A000149F38 /* PDFReaderApp.app */ = {isa = PBXFileReference; explicitFileType = wrapper.application; includeInIndex = 0; path = PDFReaderApp.app; sourceTree = BUILT_PRODUCTS_DIR; };
		0FBCA9992B3DA7A000149F38 /* AppDelegate.swift */ = {isa = PBXFileReference; lastKnownFileType = sourcecode.swift; path = AppDelegate.swift; sourceTree = "<group>"; };
		0FBCA99B2B3DA7A000149F38 /* SceneDelegate.swift */ = {isa = PBXFileReference; lastKnownFileType = sourcecode.swift; path = SceneDelegate.swift; sourceTree = "<group>"; };
		0FBCA99D2B3DA7A000149F38 /* MyFilesViewController.swift */ = {isa = PBXFileReference; lastKnownFileType = sourcecode.swift; path = MyFilesViewController.swift; sourceTree = "<group>"; };
		0FBCA9A22B3DA7A200149F38 /* Assets.xcassets */ = {isa = PBXFileReference; lastKnownFileType = folder.assetcatalog; path = Assets.xcassets; sourceTree = "<group>"; };
		0FBCA9A52B3DA7A200149F38 /* Base */ = {isa = PBXFileReference; lastKnownFileType = file.storyboard; name = Base; path = Base.lproj/LaunchScreen.storyboard; sourceTree = "<group>"; };
		0FBCA9A72B3DA7A200149F38 /* Info.plist */ = {isa = PBXFileReference; lastKnownFileType = text.plist.xml; path = Info.plist; sourceTree = "<group>"; };
		0FBCA9AC2B3DA7A300149F38 /* PDFReaderAppTests.xctest */ = {isa = PBXFileReference; explicitFileType = wrapper.cfbundle; includeInIndex = 0; path = PDFReaderAppTests.xctest; sourceTree = BUILT_PRODUCTS_DIR; };
		0FE159702B407F1E000F5EDD /* DiskFileStorageTests.swift */ = {isa = PBXFileReference; lastKnownFileType = sourcecode.swift; path = DiskFileStorageTests.swift; sourceTree = "<group>"; };
/* End PBXFileReference section */

/* Begin PBXFrameworksBuildPhase section */
		0FBCA9932B3DA7A000149F38 /* Frameworks */ = {
			isa = PBXFrameworksBuildPhase;
			buildActionMask = 2147483647;
			files = (
				0F60796E2B497A01008DD313 /* FirebaseAuth in Frameworks */,
				0F0BFF052BBD7D8F007CCF2D /* StoreKit.framework in Frameworks */,
			);
			runOnlyForDeploymentPostprocessing = 0;
		};
		0FBCA9A92B3DA7A300149F38 /* Frameworks */ = {
			isa = PBXFrameworksBuildPhase;
			buildActionMask = 2147483647;
			files = (
			);
			runOnlyForDeploymentPostprocessing = 0;
		};
/* End PBXFrameworksBuildPhase section */

/* Begin PBXGroup section */
		0F0BFEFE2BBD7BCE007CCF2D /* SubscriptionManager */ = {
			isa = PBXGroup;
			children = (
				0F0BFEFF2BBD7C0A007CCF2D /* SubscriptionManager.swift */,
				0F0BFF012BBD7C44007CCF2D /* SubscriptionManagerProtocol.swift */,
				0F0BFF062BBD7DB2007CCF2D /* IAPProduct.swift */,
				0F0BFF082BBD7DD6007CCF2D /* IAPHelper.swift */,
				0F0BFF0A2BBD7E4F007CCF2D /* Subscription.swift */,
			);
			path = SubscriptionManager;
			sourceTree = "<group>";
		};
		0F0BFF032BBD7D8F007CCF2D /* Frameworks */ = {
			isa = PBXGroup;
			children = (
				0F0BFF042BBD7D8F007CCF2D /* StoreKit.framework */,
			);
			name = Frameworks;
			sourceTree = "<group>";
		};
		0F0BFF102BBD8C0E007CCF2D /* SubscriptionProposalView */ = {
			isa = PBXGroup;
			children = (
				0F0BFF0E2BBD80BB007CCF2D /* SubscriptionProposalView.swift */,
				0F0BFF112BBD8C4E007CCF2D /* SubscriptionProposalRouter.swift */,
			);
			path = SubscriptionProposalView;
			sourceTree = "<group>";
		};
		0F3218312B4EE6C100840917 /* SearchablePDFMaker */ = {
			isa = PBXGroup;
			children = (
				0F32183F2B52B0CF00840917 /* VisionSearchablePDFMaker.swift */,
				0F3218452B52B5E500840917 /* VisionRecognizedText.swift */,
				0F32184B2B52B9EA00840917 /* PDFMakerSourcePage.swift */,
				0F32184F2B52D0B500840917 /* PDFMakerScanResultPage.swift */,
				0F3218532B52D47400840917 /* FontSizeCalculator.swift */,
				0F3218572B52D87200840917 /* FontSizeCalculatorSource.swift */,
				0F32185B2B52F15800840917 /* FontSizeRange.swift */,
				0F3218432B52B5D300840917 /* RecognizedTextProtocol.swift */,
				0F32184D2B52CC6E00840917 /* PDFMakerScanResultPageProtocol.swift */,
				0F3218412B52B10C00840917 /* PDFMakerProtocol.swift */,
				0F3218492B52B98800840917 /* PDFMakerSourcePageProtocol.swift */,
				0F3218512B52D3E800840917 /* FontSizeCalculatorProtocol.swift */,
				0F3218552B52D75500840917 /* FontSizeCalculatorSourceProtocol.swift */,
				0F3218592B52F11D00840917 /* FontSizeRangeProtocol.swift */,
				0F3218472B52B74300840917 /* PDFMakerError.swift */,
				0F32185D2B52FF3B00840917 /* BinarySearchFitState.swift */,
			);
			path = SearchablePDFMaker;
			sourceTree = "<group>";
		};
		0F3218322B4F0DA400840917 /* DocumentCamera */ = {
			isa = PBXGroup;
			children = (
				0F3218332B4F0DCB00840917 /* VisionDocumentCameraManager.swift */,
				0F3218372B4F0E3C00840917 /* DocumentCameraManager+VNDocumentCameraViewControllerDelegate.swift */,
				0F3218352B4F0DE600840917 /* DocumentCameraManagerProtocol.swift */,
				0F32182F2B4EE1C700840917 /* VisionDocumentCameraRouter.swift */,
			);
			path = DocumentCamera;
			sourceTree = "<group>";
		};
		0F4130C12B40E30C00981698 /* FileImport */ = {
			isa = PBXGroup;
			children = (
				0F4130C22B41B96D00981698 /* DocumentImportManagerProtocol.swift */,
				0F4130C62B41B9F100981698 /* DocumentImportManager.swift */,
				0F4130C42B41B99A00981698 /* PDFDocumentImportManager.swift */,
				0F4130CA2B41BE0900981698 /* DocumentPickerManager.swift */,
				0F3218392B4F0E8800840917 /* DocumentPickerManager+UIDocumentPickerDelegate.swift */,
				0F4130C82B41BB5A00981698 /* DocumentImportError.swift */,
			);
			path = FileImport;
			sourceTree = "<group>";
		};
		0F4130CE2B458B3800981698 /* PDFDocumentView */ = {
			isa = PBXGroup;
			children = (
				0F4130CF2B458B6800981698 /* PDFDocumentViewController.swift */,
				0FAA6E932B4C855C0009D0A3 /* PDFDocumentViewController+DynamicUIProtocol.swift */,
				0FAA6E852B4C6EDB0009D0A3 /* PDFDocumentPresenter.swift */,
				0FAA6E872B4C6F050009D0A3 /* PDFDocumentInteractor.swift */,
				0FAA6E892B4C71730009D0A3 /* PDFDocumentKeeper.swift */,
				0FAA6E8B2B4C7F9B0009D0A3 /* PDFDocumentKeeper+PDFDocumentDelegate.swift */,
				0FAA0E022B462895002FC0F9 /* PDFDocumentRouter.swift */,
			);
			path = PDFDocumentView;
			sourceTree = "<group>";
		};
		0FA833F72B58CF9200E04788 /* ApplicationState */ = {
			isa = PBXGroup;
			children = (
				0FA833F52B58CF8600E04788 /* ApplicationState.swift */,
				0FA833FA2B58D06A00E04788 /* ApplicationState+FileManagerApplicationStateProtocol.swift */,
				0FA833FE2B58D0F300E04788 /* ApplicationState+DocumentScannerApplicationStateProtocol.swift */,
				0FA834022B58DD8100E04788 /* ApplicationState+DocumentViewerApplicationStateProtocol.swift */,
				0F0BFF152BBD9088007CCF2D /* ApplicationState+SubscriptionApplicationStateProtocol.swift */,
				0FA833F82B58CFFA00E04788 /* FileManagerApplicationStateProtocol.swift */,
				0FA833FC2B58D0C800E04788 /* DocumentScannerApplicationStateProtocol.swift */,
				0FA834002B58DD4100E04788 /* DocumentViewerApplicationStateProtocol.swift */,
				0F0BFF132BBD906B007CCF2D /* SubscriptionApplicationStateProtocol.swift */,
			);
			path = ApplicationState;
			sourceTree = "<group>";
		};
		0FAA0DF32B45C0C1002FC0F9 /* Helpers */ = {
			isa = PBXGroup;
			children = (
				0F4130B72B40C9F800981698 /* PresenterProtocol.swift */,
				0F4130B92B40CA0600981698 /* InteractorProtocol.swift */,
				0F4130BD2B40CD3400981698 /* RouterProtocol.swift */,
				0F32182D2B4EDA4000840917 /* UIViewExtensions.swift */,
				0FAA6E7D2B4C64F70009D0A3 /* FullScreenRouter.swift */,
			);
			path = Helpers;
			sourceTree = "<group>";
		};
		0FAA6E812B4C66200009D0A3 /* DocumentView */ = {
			isa = PBXGroup;
			children = (
				0FAA6E7F2B4C65470009D0A3 /* DocumentViewController.swift */,
				0FB1CEAB2B4D5D34005EDF0F /* DocumentViewController+UIGestureRecognizerDelegate.swift */,
				0FAA6E832B4C69260009D0A3 /* DocumentViewController+UISearchResultsUpdating.swift */,
				0F32185F2B532D6000840917 /* DocumentViewController+UINavigationItemRenameDelegate.swift */,
			);
			path = DocumentView;
			sourceTree = "<group>";
		};
		0FAA6E822B4C664F0009D0A3 /* AppCoordination */ = {
			isa = PBXGroup;
			children = (
				0FBCA9992B3DA7A000149F38 /* AppDelegate.swift */,
				0FBCA99B2B3DA7A000149F38 /* SceneDelegate.swift */,
				0FB7DAEB2B3E0A1600985825 /* HomeTabBarController.swift */,
				0FB7DAFE2B3F1C8900985825 /* AppCoordinator.swift */,
			);
			path = AppCoordination;
			sourceTree = "<group>";
		};
		0FAA6E8D2B4C80A80009D0A3 /* PDF */ = {
			isa = PBXGroup;
			children = (
				0FAA6E8E2B4C80BE0009D0A3 /* PDFSelection+Comparable.swift */,
				0F3218612B54098B00840917 /* PDFDocumentExtensions.swift */,
			);
			path = PDF;
			sourceTree = "<group>";
		};
		0FAA6E922B4C84520009D0A3 /* DynamicUI */ = {
			isa = PBXGroup;
			children = (
				0FAA0DF42B45C0D5002FC0F9 /* Weak.swift */,
				0FAA0DFC2B45CB9D002FC0F9 /* DynamicUIProtocol.swift */,
				0FAA6E902B4C82170009D0A3 /* DynamicUINotifier.swift */,
				0F32183B2B4F11F800840917 /* DynamicUINotifierProtocol.swift */,
				0FAA0DFE2B45CBD5002FC0F9 /* UIViewController+DynamicUIProtocol.swift */,
			);
			path = DynamicUI;
			sourceTree = "<group>";
		};
		0FB1CEAD2B4DB450005EDF0F /* PositionKeeper */ = {
			isa = PBXGroup;
			children = (
				0FB1CEAE2B4DB46C005EDF0F /* PositionKeeperProtocol.swift */,
				0FB1CEB02B4DB47E005EDF0F /* PDFDocumentPositionKeeper.swift */,
				0FB1CEB22B4DB53D005EDF0F /* PositionsListProtocol.swift */,
				0FB1CEB42B4DB562005EDF0F /* PositionsList.swift */,
				0FB1CEB62B4DB5D4005EDF0F /* PositionProtocol.swift */,
				0FB1CEB82B4DB60E005EDF0F /* Position.swift */,
				0FB1CEBA2B4DB736005EDF0F /* PositionKeeperError.swift */,
			);
			path = PositionKeeper;
			sourceTree = "<group>";
		};
		0FB7DAED2B3F124D00985825 /* Files */ = {
			isa = PBXGroup;
			children = (
				0FBCA99D2B3DA7A000149F38 /* MyFilesViewController.swift */,
				0FAA0E002B45DE3D002FC0F9 /* MyFilesViewController+UISearchResultsUpdating.swift */,
				0FAA0E042B46FFF6002FC0F9 /* MyFilesViewController+UICollectionViewDelegate.swift */,
				0F84D8F92B49EB9B00CD3E3F /* MyFilesViewController+DynamicUIProtocol.swift */,
				0F4130B32B40C85900981698 /* MyFilesPresenter.swift */,
				0F4130B52B40C86C00981698 /* MyFilesInteractor.swift */,
				0F4130BB2B40CD2400981698 /* MyFilesRouter.swift */,
				0F4130CC2B4587E100981698 /* MyFilesCollectionViewCell.swift */,
				0F84D9082B4AEE5400CD3E3F /* FileInfoView.swift */,
			);
			path = Files;
			sourceTree = "<group>";
		};
		0FB7DAEE2B3F126300985825 /* Account */ = {
			isa = PBXGroup;
			children = (
				0FB7DAE92B3DF54100985825 /* AccountViewController.swift */,
				0F6079792B49A100008DD313 /* AccountPresenter.swift */,
				0F60797B2B49A111008DD313 /* AccountInteractor.swift */,
				0F60797D2B49A124008DD313 /* AccountRouter.swift */,
			);
			path = Account;
			sourceTree = "<group>";
		};
		0FB7DAEF2B3F127800985825 /* Scanning */ = {
			isa = PBXGroup;
			children = (
				0FB7DAE72B3DF51B00985825 /* ScanningViewController.swift */,
				0F32183D2B4F208200840917 /* ScanningViewController+DynamicUIProtocol.swift */,
				0F60798E2B49B32D008DD313 /* ScanningPresenter.swift */,
				0F6079902B49B33A008DD313 /* ScanningInteractor.swift */,
				0F60798C2B49B31E008DD313 /* ScanningRouter.swift */,
			);
			path = Scanning;
			sourceTree = "<group>";
		};
		0FB7DAF02B3F12A600985825 /* FileStorage */ = {
			isa = PBXGroup;
			children = (
				0FB7DAF32B3F155300985825 /* DiskFileStorage */,
				0FB7DB032B3F214A00985825 /* GeneralFileStorage */,
			);
			path = FileStorage;
			sourceTree = "<group>";
		};
		0FB7DAF32B3F155300985825 /* DiskFileStorage */ = {
			isa = PBXGroup;
			children = (
				0FB7DAF82B3F16B400985825 /* DiskFileStorage.swift */,
				0FB7DB062B3F2A2F00985825 /* DiskFile.swift */,
				0FB7DB082B3F2B9D00985825 /* DiskFilesList.swift */,
				0FB7DB0A2B3F30F600985825 /* DiskFileStorageError.swift */,
			);
			path = DiskFileStorage;
			sourceTree = "<group>";
		};
		0FB7DB032B3F214A00985825 /* GeneralFileStorage */ = {
			isa = PBXGroup;
			children = (
				0FB7DAF12B3F150E00985825 /* FileStorageProtocol.swift */,
				0FB7DAF42B3F159900985825 /* FileProtocol.swift */,
				0FB7DB002B3F1F2000985825 /* FileType.swift */,
				0FB7DAFA2B3F1A6F00985825 /* FilesListProtocol.swift */,
			);
			path = GeneralFileStorage;
			sourceTree = "<group>";
		};
		0FBCA98D2B3DA7A000149F38 = {
			isa = PBXGroup;
			children = (
				0F0BFF172BBDAAEE007CCF2D /* PDFDocumentScannerStoreKitConfiguration.storekit */,
				0F04FD3B2B4087DA005F9968 /* PDFReaderApp.xctestplan */,
				0FBCA9982B3DA7A000149F38 /* PDFReaderApp */,
				0FBCA9AF2B3DA7A300149F38 /* PDFReaderAppTests */,
				0FBCA9972B3DA7A000149F38 /* Products */,
				0F0BFF032BBD7D8F007CCF2D /* Frameworks */,
			);
			sourceTree = "<group>";
		};
		0FBCA9972B3DA7A000149F38 /* Products */ = {
			isa = PBXGroup;
			children = (
				0FBCA9962B3DA7A000149F38 /* PDFReaderApp.app */,
				0FBCA9AC2B3DA7A300149F38 /* PDFReaderAppTests.xctest */,
			);
			name = Products;
			sourceTree = "<group>";
		};
		0FBCA9982B3DA7A000149F38 /* PDFReaderApp */ = {
			isa = PBXGroup;
			children = (
				0FA833F72B58CF9200E04788 /* ApplicationState */,
				0FAA6E822B4C664F0009D0A3 /* AppCoordination */,
				0F3218312B4EE6C100840917 /* SearchablePDFMaker */,
				0F4130C12B40E30C00981698 /* FileImport */,
				0FB7DAF02B3F12A600985825 /* FileStorage */,
				0F0BFEFE2BBD7BCE007CCF2D /* SubscriptionManager */,
				0F0BFF102BBD8C0E007CCF2D /* SubscriptionProposalView */,
				0FB7DAEE2B3F126300985825 /* Account */,
				0FB7DAED2B3F124D00985825 /* Files */,
				0FB7DAEF2B3F127800985825 /* Scanning */,
				0F3218322B4F0DA400840917 /* DocumentCamera */,
				0FAA6E812B4C66200009D0A3 /* DocumentView */,
				0F4130CE2B458B3800981698 /* PDFDocumentView */,
				0FAA6E8D2B4C80A80009D0A3 /* PDF */,
				0FAA6E922B4C84520009D0A3 /* DynamicUI */,
				0FAA0DF32B45C0C1002FC0F9 /* Helpers */,
				0FB1CEAD2B4DB450005EDF0F /* PositionKeeper */,
				0FB7DAE52B3DF08000985825 /* Localizable.xcstrings */,
				0FBCA9A22B3DA7A200149F38 /* Assets.xcassets */,
				0FBCA9A42B3DA7A200149F38 /* LaunchScreen.storyboard */,
				0FBCA9A72B3DA7A200149F38 /* Info.plist */,
				0F6079922B49CA34008DD313 /* GoogleService-Info.plist */,
			);
			path = PDFReaderApp;
			sourceTree = "<group>";
		};
		0FBCA9AF2B3DA7A300149F38 /* PDFReaderAppTests */ = {
			isa = PBXGroup;
			children = (
				0FE1596F2B407ECA000F5EDD /* TestResources */,
				0FE159702B407F1E000F5EDD /* DiskFileStorageTests.swift */,
			);
			path = PDFReaderAppTests;
			sourceTree = "<group>";
		};
		0FE1596F2B407ECA000F5EDD /* TestResources */ = {
			isa = PBXGroup;
			children = (
				0FA834042B5A95C300E04788 /* CV Dmytro Skorokhod 2024 PDF.pdf */,
			);
			path = TestResources;
			sourceTree = "<group>";
		};
/* End PBXGroup section */

/* Begin PBXNativeTarget section */
		0FBCA9952B3DA7A000149F38 /* PDFReaderApp */ = {
			isa = PBXNativeTarget;
			buildConfigurationList = 0FBCA9C02B3DA7A300149F38 /* Build configuration list for PBXNativeTarget "PDFReaderApp" */;
			buildPhases = (
				0FBCA9922B3DA7A000149F38 /* Sources */,
				0FBCA9932B3DA7A000149F38 /* Frameworks */,
				0FBCA9942B3DA7A000149F38 /* Resources */,
			);
			buildRules = (
			);
			dependencies = (
			);
			name = PDFReaderApp;
			packageProductDependencies = (
				0F60796D2B497A01008DD313 /* FirebaseAuth */,
			);
			productName = PDFReaderApp;
			productReference = 0FBCA9962B3DA7A000149F38 /* PDFReaderApp.app */;
			productType = "com.apple.product-type.application";
		};
		0FBCA9AB2B3DA7A300149F38 /* PDFReaderAppTests */ = {
			isa = PBXNativeTarget;
			buildConfigurationList = 0FBCA9C32B3DA7A300149F38 /* Build configuration list for PBXNativeTarget "PDFReaderAppTests" */;
			buildPhases = (
				0FBCA9A82B3DA7A300149F38 /* Sources */,
				0FBCA9A92B3DA7A300149F38 /* Frameworks */,
				0FBCA9AA2B3DA7A300149F38 /* Resources */,
			);
			buildRules = (
			);
			dependencies = (
				0FBCA9AE2B3DA7A300149F38 /* PBXTargetDependency */,
			);
			name = PDFReaderAppTests;
			productName = PDFReaderAppTests;
			productReference = 0FBCA9AC2B3DA7A300149F38 /* PDFReaderAppTests.xctest */;
			productType = "com.apple.product-type.bundle.unit-test";
		};
/* End PBXNativeTarget section */

/* Begin PBXProject section */
		0FBCA98E2B3DA7A000149F38 /* Project object */ = {
			isa = PBXProject;
			attributes = {
				BuildIndependentTargetsInParallel = 1;
				LastSwiftUpdateCheck = 1510;
				LastUpgradeCheck = 1520;
				TargetAttributes = {
					0FBCA9952B3DA7A000149F38 = {
						CreatedOnToolsVersion = 15.1;
					};
					0FBCA9AB2B3DA7A300149F38 = {
						CreatedOnToolsVersion = 15.1;
						TestTargetID = 0FBCA9952B3DA7A000149F38;
					};
				};
			};
			buildConfigurationList = 0FBCA9912B3DA7A000149F38 /* Build configuration list for PBXProject "PDFReaderApp" */;
			compatibilityVersion = "Xcode 14.0";
			developmentRegion = en;
			hasScannedForEncodings = 0;
			knownRegions = (
				en,
				Base,
				uk,
				ru,
				"ka-GE",
				cs,
			);
			mainGroup = 0FBCA98D2B3DA7A000149F38;
			packageReferences = (
				0F60796C2B497A01008DD313 /* XCRemoteSwiftPackageReference "firebase-ios-sdk" */,
			);
			productRefGroup = 0FBCA9972B3DA7A000149F38 /* Products */;
			projectDirPath = "";
			projectRoot = "";
			targets = (
				0FBCA9952B3DA7A000149F38 /* PDFReaderApp */,
				0FBCA9AB2B3DA7A300149F38 /* PDFReaderAppTests */,
			);
		};
/* End PBXProject section */

/* Begin PBXResourcesBuildPhase section */
		0FBCA9942B3DA7A000149F38 /* Resources */ = {
			isa = PBXResourcesBuildPhase;
			buildActionMask = 2147483647;
			files = (
				0FBCA9A62B3DA7A200149F38 /* LaunchScreen.storyboard in Resources */,
				0FBCA9A32B3DA7A200149F38 /* Assets.xcassets in Resources */,
				0FB7DAE62B3DF08000985825 /* Localizable.xcstrings in Resources */,
				0FA834062B5A95F700E04788 /* CV Dmytro Skorokhod 2024 PDF.pdf in Resources */,
				0F6079932B49CA35008DD313 /* GoogleService-Info.plist in Resources */,
				0F0BFF182BBDAAEE007CCF2D /* PDFDocumentScannerStoreKitConfiguration.storekit in Resources */,
			);
			runOnlyForDeploymentPostprocessing = 0;
		};
		0FBCA9AA2B3DA7A300149F38 /* Resources */ = {
			isa = PBXResourcesBuildPhase;
			buildActionMask = 2147483647;
			files = (
				0FA834052B5A95C300E04788 /* CV Dmytro Skorokhod 2024 PDF.pdf in Resources */,
			);
			runOnlyForDeploymentPostprocessing = 0;
		};
/* End PBXResourcesBuildPhase section */

/* Begin PBXSourcesBuildPhase section */
		0FBCA9922B3DA7A000149F38 /* Sources */ = {
			isa = PBXSourcesBuildPhase;
			buildActionMask = 2147483647;
			files = (
				0FB1CEAC2B4D5D34005EDF0F /* DocumentViewController+UIGestureRecognizerDelegate.swift in Sources */,
				0F32183A2B4F0E8800840917 /* DocumentPickerManager+UIDocumentPickerDelegate.swift in Sources */,
				0F3218522B52D3E800840917 /* FontSizeCalculatorProtocol.swift in Sources */,
				0FA834012B58DD4100E04788 /* DocumentViewerApplicationStateProtocol.swift in Sources */,
				0FA833F62B58CF8700E04788 /* ApplicationState.swift in Sources */,
				0FAA6E8C2B4C7F9B0009D0A3 /* PDFDocumentKeeper+PDFDocumentDelegate.swift in Sources */,
				0F0BFF072BBD7DB2007CCF2D /* IAPProduct.swift in Sources */,
				0F32185C2B52F15800840917 /* FontSizeRange.swift in Sources */,
				0FB7DAF22B3F150E00985825 /* FileStorageProtocol.swift in Sources */,
				0FB7DAE82B3DF51B00985825 /* ScanningViewController.swift in Sources */,
				0FB7DAFF2B3F1C8900985825 /* AppCoordinator.swift in Sources */,
				0F32184E2B52CC6E00840917 /* PDFMakerScanResultPageProtocol.swift in Sources */,
				0F60797E2B49A124008DD313 /* AccountRouter.swift in Sources */,
				0FAA6E882B4C6F050009D0A3 /* PDFDocumentInteractor.swift in Sources */,
				0FB7DAEA2B3DF54100985825 /* AccountViewController.swift in Sources */,
				0F4130C52B41B99A00981698 /* PDFDocumentImportManager.swift in Sources */,
				0FA833FB2B58D06A00E04788 /* ApplicationState+FileManagerApplicationStateProtocol.swift in Sources */,
				0F32184A2B52B98800840917 /* PDFMakerSourcePageProtocol.swift in Sources */,
				0F4130BC2B40CD2400981698 /* MyFilesRouter.swift in Sources */,
				0FAA6E7E2B4C64F70009D0A3 /* FullScreenRouter.swift in Sources */,
				0F3218462B52B5E500840917 /* VisionRecognizedText.swift in Sources */,
				0F60798D2B49B31E008DD313 /* ScanningRouter.swift in Sources */,
				0F32182E2B4EDA4000840917 /* UIViewExtensions.swift in Sources */,
				0F4130C32B41B96D00981698 /* DocumentImportManagerProtocol.swift in Sources */,
				0F6079912B49B33A008DD313 /* ScanningInteractor.swift in Sources */,
				0FA833F92B58CFFA00E04788 /* FileManagerApplicationStateProtocol.swift in Sources */,
				0F0BFF162BBD9088007CCF2D /* ApplicationState+SubscriptionApplicationStateProtocol.swift in Sources */,
				0FAA0DFD2B45CB9D002FC0F9 /* DynamicUIProtocol.swift in Sources */,
				0F4130C72B41B9F100981698 /* DocumentImportManager.swift in Sources */,
				0F3218442B52B5D300840917 /* RecognizedTextProtocol.swift in Sources */,
				0FAA6E912B4C82170009D0A3 /* DynamicUINotifier.swift in Sources */,
				0FA833FD2B58D0C800E04788 /* DocumentScannerApplicationStateProtocol.swift in Sources */,
				0F3218542B52D47400840917 /* FontSizeCalculator.swift in Sources */,
				0F4130B62B40C86C00981698 /* MyFilesInteractor.swift in Sources */,
				0FB1CEB12B4DB47E005EDF0F /* PDFDocumentPositionKeeper.swift in Sources */,
				0F32185A2B52F11D00840917 /* FontSizeRangeProtocol.swift in Sources */,
				0FAA0E032B462895002FC0F9 /* PDFDocumentRouter.swift in Sources */,
				0F4130CB2B41BE0900981698 /* DocumentPickerManager.swift in Sources */,
				0F3218342B4F0DCB00840917 /* VisionDocumentCameraManager.swift in Sources */,
				0F32183C2B4F11F800840917 /* DynamicUINotifierProtocol.swift in Sources */,
				0FB7DB072B3F2A2F00985825 /* DiskFile.swift in Sources */,
				0FAA6E8F2B4C80BE0009D0A3 /* PDFSelection+Comparable.swift in Sources */,
				0F32184C2B52B9EA00840917 /* PDFMakerSourcePage.swift in Sources */,
				0F0BFF142BBD906B007CCF2D /* SubscriptionApplicationStateProtocol.swift in Sources */,
				0F4130B82B40C9F800981698 /* PresenterProtocol.swift in Sources */,
				0F3218482B52B74300840917 /* PDFMakerError.swift in Sources */,
				0FB7DAEC2B3E0A1600985825 /* HomeTabBarController.swift in Sources */,
				0F3218362B4F0DE600840917 /* DocumentCameraManagerProtocol.swift in Sources */,
				0F3218582B52D87200840917 /* FontSizeCalculatorSource.swift in Sources */,
				0F0BFF002BBD7C0A007CCF2D /* SubscriptionManager.swift in Sources */,
				0F4130C92B41BB5A00981698 /* DocumentImportError.swift in Sources */,
				0FAA6E8A2B4C71730009D0A3 /* PDFDocumentKeeper.swift in Sources */,
				0F3218382B4F0E3C00840917 /* DocumentCameraManager+VNDocumentCameraViewControllerDelegate.swift in Sources */,
				0FA834032B58DD8100E04788 /* ApplicationState+DocumentViewerApplicationStateProtocol.swift in Sources */,
				0F0BFF0B2BBD7E4F007CCF2D /* Subscription.swift in Sources */,
				0F60797A2B49A100008DD313 /* AccountPresenter.swift in Sources */,
				0FAA0DF52B45C0D5002FC0F9 /* Weak.swift in Sources */,
				0FB1CEAF2B4DB46C005EDF0F /* PositionKeeperProtocol.swift in Sources */,
				0FB1CEB52B4DB562005EDF0F /* PositionsList.swift in Sources */,
				0FAA6E802B4C65470009D0A3 /* DocumentViewController.swift in Sources */,
				0F60798F2B49B32D008DD313 /* ScanningPresenter.swift in Sources */,
				0FB1CEB72B4DB5D4005EDF0F /* PositionProtocol.swift in Sources */,
				0FB7DAF92B3F16B400985825 /* DiskFileStorage.swift in Sources */,
				0F4130BE2B40CD3400981698 /* RouterProtocol.swift in Sources */,
				0FAA6E862B4C6EDB0009D0A3 /* PDFDocumentPresenter.swift in Sources */,
				0FAA6E942B4C855C0009D0A3 /* PDFDocumentViewController+DynamicUIProtocol.swift in Sources */,
				0FAA6E842B4C69260009D0A3 /* DocumentViewController+UISearchResultsUpdating.swift in Sources */,
				0F32183E2B4F208200840917 /* ScanningViewController+DynamicUIProtocol.swift in Sources */,
				0F0BFF0F2BBD80BB007CCF2D /* SubscriptionProposalView.swift in Sources */,
				0FBCA99E2B3DA7A000149F38 /* MyFilesViewController.swift in Sources */,
				0FAA0E012B45DE3D002FC0F9 /* MyFilesViewController+UISearchResultsUpdating.swift in Sources */,
				0FAA0DFF2B45CBD5002FC0F9 /* UIViewController+DynamicUIProtocol.swift in Sources */,
				0F3218402B52B0CF00840917 /* VisionSearchablePDFMaker.swift in Sources */,
				0FB1CEB32B4DB53D005EDF0F /* PositionsListProtocol.swift in Sources */,
				0F3218422B52B10C00840917 /* PDFMakerProtocol.swift in Sources */,
				0FB7DB092B3F2B9D00985825 /* DiskFilesList.swift in Sources */,
				0F84D9092B4AEE5400CD3E3F /* FileInfoView.swift in Sources */,
				0F4130D02B458B6800981698 /* PDFDocumentViewController.swift in Sources */,
				0F84D8FA2B49EB9B00CD3E3F /* MyFilesViewController+DynamicUIProtocol.swift in Sources */,
				0F3218562B52D75500840917 /* FontSizeCalculatorSourceProtocol.swift in Sources */,
				0FAA0E052B46FFF6002FC0F9 /* MyFilesViewController+UICollectionViewDelegate.swift in Sources */,
				0FB7DB012B3F1F2000985825 /* FileType.swift in Sources */,
				0F0BFF092BBD7DD7007CCF2D /* IAPHelper.swift in Sources */,
				0F60797C2B49A111008DD313 /* AccountInteractor.swift in Sources */,
				0F0BFF122BBD8C4E007CCF2D /* SubscriptionProposalRouter.swift in Sources */,
				0FB7DAF52B3F159900985825 /* FileProtocol.swift in Sources */,
				0FB1CEB92B4DB60E005EDF0F /* Position.swift in Sources */,
				0F4130B42B40C85900981698 /* MyFilesPresenter.swift in Sources */,
				0FBCA99A2B3DA7A000149F38 /* AppDelegate.swift in Sources */,
				0F3218602B532D6100840917 /* DocumentViewController+UINavigationItemRenameDelegate.swift in Sources */,
				0F3218302B4EE1C700840917 /* VisionDocumentCameraRouter.swift in Sources */,
				0F0BFF022BBD7C44007CCF2D /* SubscriptionManagerProtocol.swift in Sources */,
				0F3218502B52D0B500840917 /* PDFMakerScanResultPage.swift in Sources */,
				0F32185E2B52FF3B00840917 /* BinarySearchFitState.swift in Sources */,
				0FA833FF2B58D0F300E04788 /* ApplicationState+DocumentScannerApplicationStateProtocol.swift in Sources */,
				0F4130BA2B40CA0600981698 /* InteractorProtocol.swift in Sources */,
				0FB7DAFB2B3F1A6F00985825 /* FilesListProtocol.swift in Sources */,
				0F3218622B54098B00840917 /* PDFDocumentExtensions.swift in Sources */,
				0FBCA99C2B3DA7A000149F38 /* SceneDelegate.swift in Sources */,
				0FB7DB0B2B3F30F600985825 /* DiskFileStorageError.swift in Sources */,
				0F4130CD2B4587E100981698 /* MyFilesCollectionViewCell.swift in Sources */,
				0FB1CEBB2B4DB736005EDF0F /* PositionKeeperError.swift in Sources */,
			);
			runOnlyForDeploymentPostprocessing = 0;
		};
		0FBCA9A82B3DA7A300149F38 /* Sources */ = {
			isa = PBXSourcesBuildPhase;
			buildActionMask = 2147483647;
			files = (
				0FE159712B407F1E000F5EDD /* DiskFileStorageTests.swift in Sources */,
			);
			runOnlyForDeploymentPostprocessing = 0;
		};
/* End PBXSourcesBuildPhase section */

/* Begin PBXTargetDependency section */
		0FBCA9AE2B3DA7A300149F38 /* PBXTargetDependency */ = {
			isa = PBXTargetDependency;
			target = 0FBCA9952B3DA7A000149F38 /* PDFReaderApp */;
			targetProxy = 0FBCA9AD2B3DA7A300149F38 /* PBXContainerItemProxy */;
		};
/* End PBXTargetDependency section */

/* Begin PBXVariantGroup section */
		0FBCA9A42B3DA7A200149F38 /* LaunchScreen.storyboard */ = {
			isa = PBXVariantGroup;
			children = (
				0FBCA9A52B3DA7A200149F38 /* Base */,
			);
			name = LaunchScreen.storyboard;
			sourceTree = "<group>";
		};
/* End PBXVariantGroup section */

/* Begin XCBuildConfiguration section */
		0FBCA9BE2B3DA7A300149F38 /* Debug */ = {
			isa = XCBuildConfiguration;
			buildSettings = {
				ALWAYS_SEARCH_USER_PATHS = NO;
				ASSETCATALOG_COMPILER_GENERATE_SWIFT_ASSET_SYMBOL_EXTENSIONS = YES;
				CLANG_ANALYZER_LOCALIZABILITY_NONLOCALIZED = YES;
				CLANG_ANALYZER_NONNULL = YES;
				CLANG_ANALYZER_NUMBER_OBJECT_CONVERSION = YES_AGGRESSIVE;
				CLANG_CXX_LANGUAGE_STANDARD = "gnu++20";
				CLANG_ENABLE_MODULES = YES;
				CLANG_ENABLE_OBJC_ARC = YES;
				CLANG_ENABLE_OBJC_WEAK = YES;
				CLANG_WARN_BLOCK_CAPTURE_AUTORELEASING = YES;
				CLANG_WARN_BOOL_CONVERSION = YES;
				CLANG_WARN_COMMA = YES;
				CLANG_WARN_CONSTANT_CONVERSION = YES;
				CLANG_WARN_DEPRECATED_OBJC_IMPLEMENTATIONS = YES;
				CLANG_WARN_DIRECT_OBJC_ISA_USAGE = YES_ERROR;
				CLANG_WARN_DOCUMENTATION_COMMENTS = YES;
				CLANG_WARN_EMPTY_BODY = YES;
				CLANG_WARN_ENUM_CONVERSION = YES;
				CLANG_WARN_INFINITE_RECURSION = YES;
				CLANG_WARN_INT_CONVERSION = YES;
				CLANG_WARN_NON_LITERAL_NULL_CONVERSION = YES;
				CLANG_WARN_OBJC_IMPLICIT_RETAIN_SELF = YES;
				CLANG_WARN_OBJC_LITERAL_CONVERSION = YES;
				CLANG_WARN_OBJC_ROOT_CLASS = YES_ERROR;
				CLANG_WARN_QUOTED_INCLUDE_IN_FRAMEWORK_HEADER = YES;
				CLANG_WARN_RANGE_LOOP_ANALYSIS = YES;
				CLANG_WARN_STRICT_PROTOTYPES = YES;
				CLANG_WARN_SUSPICIOUS_MOVE = YES;
				CLANG_WARN_UNGUARDED_AVAILABILITY = YES_AGGRESSIVE;
				CLANG_WARN_UNREACHABLE_CODE = YES;
				CLANG_WARN__DUPLICATE_METHOD_MATCH = YES;
				COPY_PHASE_STRIP = NO;
				DEBUG_INFORMATION_FORMAT = dwarf;
				ENABLE_STRICT_OBJC_MSGSEND = YES;
				ENABLE_TESTABILITY = YES;
				ENABLE_USER_SCRIPT_SANDBOXING = YES;
				GCC_C_LANGUAGE_STANDARD = gnu17;
				GCC_DYNAMIC_NO_PIC = NO;
				GCC_NO_COMMON_BLOCKS = YES;
				GCC_OPTIMIZATION_LEVEL = 0;
				GCC_PREPROCESSOR_DEFINITIONS = (
					"DEBUG=1",
					"$(inherited)",
				);
				GCC_WARN_64_TO_32_BIT_CONVERSION = YES;
				GCC_WARN_ABOUT_RETURN_TYPE = YES_ERROR;
				GCC_WARN_UNDECLARED_SELECTOR = YES;
				GCC_WARN_UNINITIALIZED_AUTOS = YES_AGGRESSIVE;
				GCC_WARN_UNUSED_FUNCTION = YES;
				GCC_WARN_UNUSED_VARIABLE = YES;
				IPHONEOS_DEPLOYMENT_TARGET = 17.2;
				LOCALIZATION_PREFERS_STRING_CATALOGS = YES;
				MTL_ENABLE_DEBUG_INFO = INCLUDE_SOURCE;
				MTL_FAST_MATH = YES;
				ONLY_ACTIVE_ARCH = YES;
				SDKROOT = iphoneos;
				SWIFT_ACTIVE_COMPILATION_CONDITIONS = "DEBUG $(inherited)";
				SWIFT_OPTIMIZATION_LEVEL = "-Onone";
			};
			name = Debug;
		};
		0FBCA9BF2B3DA7A300149F38 /* Release */ = {
			isa = XCBuildConfiguration;
			buildSettings = {
				ALWAYS_SEARCH_USER_PATHS = NO;
				ASSETCATALOG_COMPILER_GENERATE_SWIFT_ASSET_SYMBOL_EXTENSIONS = YES;
				CLANG_ANALYZER_LOCALIZABILITY_NONLOCALIZED = YES;
				CLANG_ANALYZER_NONNULL = YES;
				CLANG_ANALYZER_NUMBER_OBJECT_CONVERSION = YES_AGGRESSIVE;
				CLANG_CXX_LANGUAGE_STANDARD = "gnu++20";
				CLANG_ENABLE_MODULES = YES;
				CLANG_ENABLE_OBJC_ARC = YES;
				CLANG_ENABLE_OBJC_WEAK = YES;
				CLANG_WARN_BLOCK_CAPTURE_AUTORELEASING = YES;
				CLANG_WARN_BOOL_CONVERSION = YES;
				CLANG_WARN_COMMA = YES;
				CLANG_WARN_CONSTANT_CONVERSION = YES;
				CLANG_WARN_DEPRECATED_OBJC_IMPLEMENTATIONS = YES;
				CLANG_WARN_DIRECT_OBJC_ISA_USAGE = YES_ERROR;
				CLANG_WARN_DOCUMENTATION_COMMENTS = YES;
				CLANG_WARN_EMPTY_BODY = YES;
				CLANG_WARN_ENUM_CONVERSION = YES;
				CLANG_WARN_INFINITE_RECURSION = YES;
				CLANG_WARN_INT_CONVERSION = YES;
				CLANG_WARN_NON_LITERAL_NULL_CONVERSION = YES;
				CLANG_WARN_OBJC_IMPLICIT_RETAIN_SELF = YES;
				CLANG_WARN_OBJC_LITERAL_CONVERSION = YES;
				CLANG_WARN_OBJC_ROOT_CLASS = YES_ERROR;
				CLANG_WARN_QUOTED_INCLUDE_IN_FRAMEWORK_HEADER = YES;
				CLANG_WARN_RANGE_LOOP_ANALYSIS = YES;
				CLANG_WARN_STRICT_PROTOTYPES = YES;
				CLANG_WARN_SUSPICIOUS_MOVE = YES;
				CLANG_WARN_UNGUARDED_AVAILABILITY = YES_AGGRESSIVE;
				CLANG_WARN_UNREACHABLE_CODE = YES;
				CLANG_WARN__DUPLICATE_METHOD_MATCH = YES;
				COPY_PHASE_STRIP = NO;
				DEBUG_INFORMATION_FORMAT = "dwarf-with-dsym";
				ENABLE_NS_ASSERTIONS = NO;
				ENABLE_STRICT_OBJC_MSGSEND = YES;
				ENABLE_USER_SCRIPT_SANDBOXING = YES;
				GCC_C_LANGUAGE_STANDARD = gnu17;
				GCC_NO_COMMON_BLOCKS = YES;
				GCC_WARN_64_TO_32_BIT_CONVERSION = YES;
				GCC_WARN_ABOUT_RETURN_TYPE = YES_ERROR;
				GCC_WARN_UNDECLARED_SELECTOR = YES;
				GCC_WARN_UNINITIALIZED_AUTOS = YES_AGGRESSIVE;
				GCC_WARN_UNUSED_FUNCTION = YES;
				GCC_WARN_UNUSED_VARIABLE = YES;
				IPHONEOS_DEPLOYMENT_TARGET = 17.2;
				LOCALIZATION_PREFERS_STRING_CATALOGS = YES;
				MTL_ENABLE_DEBUG_INFO = NO;
				MTL_FAST_MATH = YES;
				SDKROOT = iphoneos;
				SWIFT_COMPILATION_MODE = wholemodule;
				VALIDATE_PRODUCT = YES;
			};
			name = Release;
		};
		0FBCA9C12B3DA7A300149F38 /* Debug */ = {
			isa = XCBuildConfiguration;
			buildSettings = {
				ASSETCATALOG_COMPILER_APPICON_NAME = AppIcon;
				ASSETCATALOG_COMPILER_GLOBAL_ACCENT_COLOR_NAME = AccentColor;
				CODE_SIGN_STYLE = Automatic;
				CURRENT_PROJECT_VERSION = 1;
				DEVELOPMENT_TEAM = EYWEP6YJP9;
				GENERATE_INFOPLIST_FILE = YES;
				INFOPLIST_FILE = PDFReaderApp/Info.plist;
				INFOPLIST_KEY_UIApplicationSupportsIndirectInputEvents = YES;
				INFOPLIST_KEY_UILaunchStoryboardName = LaunchScreen;
				INFOPLIST_KEY_UIMainStoryboardFile = "";
				INFOPLIST_KEY_UISupportedInterfaceOrientations_iPad = "UIInterfaceOrientationPortrait UIInterfaceOrientationPortraitUpsideDown UIInterfaceOrientationLandscapeLeft UIInterfaceOrientationLandscapeRight";
				INFOPLIST_KEY_UISupportedInterfaceOrientations_iPhone = "UIInterfaceOrientationPortrait UIInterfaceOrientationLandscapeLeft UIInterfaceOrientationLandscapeRight";
				LD_RUNPATH_SEARCH_PATHS = (
					"$(inherited)",
					"@executable_path/Frameworks",
				);
				MARKETING_VERSION = 1.0;
				PRODUCT_BUNDLE_IDENTIFIER = com.dintegralas.PDFReaderApp;
				PRODUCT_NAME = "$(TARGET_NAME)";
				SWIFT_EMIT_LOC_STRINGS = YES;
				SWIFT_VERSION = 5.0;
				TARGETED_DEVICE_FAMILY = "1,2";
			};
			name = Debug;
		};
		0FBCA9C22B3DA7A300149F38 /* Release */ = {
			isa = XCBuildConfiguration;
			buildSettings = {
				ASSETCATALOG_COMPILER_APPICON_NAME = AppIcon;
				ASSETCATALOG_COMPILER_GLOBAL_ACCENT_COLOR_NAME = AccentColor;
				CODE_SIGN_STYLE = Automatic;
				CURRENT_PROJECT_VERSION = 1;
				DEVELOPMENT_TEAM = EYWEP6YJP9;
				GENERATE_INFOPLIST_FILE = YES;
				INFOPLIST_FILE = PDFReaderApp/Info.plist;
				INFOPLIST_KEY_UIApplicationSupportsIndirectInputEvents = YES;
				INFOPLIST_KEY_UILaunchStoryboardName = LaunchScreen;
				INFOPLIST_KEY_UIMainStoryboardFile = "";
				INFOPLIST_KEY_UISupportedInterfaceOrientations_iPad = "UIInterfaceOrientationPortrait UIInterfaceOrientationPortraitUpsideDown UIInterfaceOrientationLandscapeLeft UIInterfaceOrientationLandscapeRight";
				INFOPLIST_KEY_UISupportedInterfaceOrientations_iPhone = "UIInterfaceOrientationPortrait UIInterfaceOrientationLandscapeLeft UIInterfaceOrientationLandscapeRight";
				LD_RUNPATH_SEARCH_PATHS = (
					"$(inherited)",
					"@executable_path/Frameworks",
				);
				MARKETING_VERSION = 1.0;
				PRODUCT_BUNDLE_IDENTIFIER = com.dintegralas.PDFReaderApp;
				PRODUCT_NAME = "$(TARGET_NAME)";
				SWIFT_EMIT_LOC_STRINGS = YES;
				SWIFT_VERSION = 5.0;
				TARGETED_DEVICE_FAMILY = "1,2";
			};
			name = Release;
		};
		0FBCA9C42B3DA7A300149F38 /* Debug */ = {
			isa = XCBuildConfiguration;
			buildSettings = {
				ALWAYS_EMBED_SWIFT_STANDARD_LIBRARIES = YES;
				BUNDLE_LOADER = "$(TEST_HOST)";
				CODE_SIGN_STYLE = Automatic;
				CURRENT_PROJECT_VERSION = 1;
				DEVELOPMENT_TEAM = EYWEP6YJP9;
				GENERATE_INFOPLIST_FILE = YES;
				IPHONEOS_DEPLOYMENT_TARGET = 17.2;
				MARKETING_VERSION = 1.0;
				PRODUCT_BUNDLE_IDENTIFIER = com.dintegralas.PDFReaderAppTests;
				PRODUCT_NAME = "$(TARGET_NAME)";
				SWIFT_EMIT_LOC_STRINGS = NO;
				SWIFT_VERSION = 5.0;
				TARGETED_DEVICE_FAMILY = "1,2";
				TEST_HOST = "$(BUILT_PRODUCTS_DIR)/PDFReaderApp.app/$(BUNDLE_EXECUTABLE_FOLDER_PATH)/PDFReaderApp";
			};
			name = Debug;
		};
		0FBCA9C52B3DA7A300149F38 /* Release */ = {
			isa = XCBuildConfiguration;
			buildSettings = {
				ALWAYS_EMBED_SWIFT_STANDARD_LIBRARIES = YES;
				BUNDLE_LOADER = "$(TEST_HOST)";
				CODE_SIGN_STYLE = Automatic;
				CURRENT_PROJECT_VERSION = 1;
				DEVELOPMENT_TEAM = EYWEP6YJP9;
				GENERATE_INFOPLIST_FILE = YES;
				IPHONEOS_DEPLOYMENT_TARGET = 17.2;
				MARKETING_VERSION = 1.0;
				PRODUCT_BUNDLE_IDENTIFIER = com.dintegralas.PDFReaderAppTests;
				PRODUCT_NAME = "$(TARGET_NAME)";
				SWIFT_EMIT_LOC_STRINGS = NO;
				SWIFT_VERSION = 5.0;
				TARGETED_DEVICE_FAMILY = "1,2";
				TEST_HOST = "$(BUILT_PRODUCTS_DIR)/PDFReaderApp.app/$(BUNDLE_EXECUTABLE_FOLDER_PATH)/PDFReaderApp";
			};
			name = Release;
		};
/* End XCBuildConfiguration section */

/* Begin XCConfigurationList section */
		0FBCA9912B3DA7A000149F38 /* Build configuration list for PBXProject "PDFReaderApp" */ = {
			isa = XCConfigurationList;
			buildConfigurations = (
				0FBCA9BE2B3DA7A300149F38 /* Debug */,
				0FBCA9BF2B3DA7A300149F38 /* Release */,
			);
			defaultConfigurationIsVisible = 0;
			defaultConfigurationName = Release;
		};
		0FBCA9C02B3DA7A300149F38 /* Build configuration list for PBXNativeTarget "PDFReaderApp" */ = {
			isa = XCConfigurationList;
			buildConfigurations = (
				0FBCA9C12B3DA7A300149F38 /* Debug */,
				0FBCA9C22B3DA7A300149F38 /* Release */,
			);
			defaultConfigurationIsVisible = 0;
			defaultConfigurationName = Release;
		};
		0FBCA9C32B3DA7A300149F38 /* Build configuration list for PBXNativeTarget "PDFReaderAppTests" */ = {
			isa = XCConfigurationList;
			buildConfigurations = (
				0FBCA9C42B3DA7A300149F38 /* Debug */,
				0FBCA9C52B3DA7A300149F38 /* Release */,
			);
			defaultConfigurationIsVisible = 0;
			defaultConfigurationName = Release;
		};
/* End XCConfigurationList section */

/* Begin XCRemoteSwiftPackageReference section */
		0F60796C2B497A01008DD313 /* XCRemoteSwiftPackageReference "firebase-ios-sdk" */ = {
			isa = XCRemoteSwiftPackageReference;
			repositoryURL = "https://github.com/firebase/firebase-ios-sdk.git";
			requirement = {
				kind = upToNextMajorVersion;
				minimumVersion = 10.19.1;
			};
		};
/* End XCRemoteSwiftPackageReference section */

/* Begin XCSwiftPackageProductDependency section */
		0F60796D2B497A01008DD313 /* FirebaseAuth */ = {
			isa = XCSwiftPackageProductDependency;
			package = 0F60796C2B497A01008DD313 /* XCRemoteSwiftPackageReference "firebase-ios-sdk" */;
			productName = FirebaseAuth;
		};
/* End XCSwiftPackageProductDependency section */
	};
	rootObject = 0FBCA98E2B3DA7A000149F38 /* Project object */;
}
