{
  "originHash" : "3cfff536d17195dfbcb252507cc4ffa996ab200588e363c91f265eb99c64a9cc",
  "pins" : [
    {
      "identity" : "nefertiti",
      "kind" : "remoteSourceControl",
      "location" : "https://github.com/D-Integral/Nefertiti",
      "state" : {
        "revision" : "4cf4778dc119e1091741803417b0098a899a7ee3",
        "version" : "1.2.0"
      }
    },
    {
      "identity" : "nefertitifile",
      "kind" : "remoteSourceControl",
      "location" : "https://github.com/D-Integral/NefertitiFile",
      "state" : {
        "revision" : "4765272f223c8ff3b85be50526d523c3d6dc1a5f",
        "version" : "1.0.4"
      }
    },
    {
      "identity" : "nefertitifontsizecalculator",
      "kind" : "remoteSourceControl",
      "location" : "https://github.com/D-Integral/NefertitiFontSizeCalculator",
      "state" : {
        "revision" : "ae9d57ab63274f1c64e0cefc04429638185b13b3",
        "version" : "1.0.1"
      }
    }
  ],
  "version" : 3
}
